
Microsoft Visual Studio Solution File, Format Version 12.00
Project("{FAE04EC0-301F-11D3-BF4B-00C04F79EFBC}") = "TwoSum", "TwoSum\TwoSum.csproj", "{83675734-FD3F-4B04-9188-56700633241C}"
EndProject
Project("{FAE04EC0-301F-11D3-BF4B-00C04F79EFBC}") = "PathSum", "PathSum\PathSum.csproj", "{C48DB9C5-BEF5-4826-8A99-666F48EEB11E}"
EndProject
Project("{FAE04EC0-301F-11D3-BF4B-00C04F79EFBC}") = "CountWordsWIthGivenPrefix", "CountWordsWIthGivenPrefix\CountWordsWIthGivenPrefix.csproj", "{8804D668-45DA-49C5-9FEC-76C701E214B3}"
EndProject
Project("{FAE04EC0-301F-11D3-BF4B-00C04F79EFBC}") = "FindTheHighestAltitude", "FindTheHighestAltitude\FindTheHighestAltitude.csproj", "{7F8CA674-5CC8-4656-86EC-C349F7ABFF3D}"
EndProject
Project("{FAE04EC0-301F-11D3-BF4B-00C04F79EFBC}") = "ContainsDuplicate", "ContainsDuplicate\ContainsDuplicate.csproj", "{F0DF47AB-451A-4A80-93B5-52B4104F4BD0}"
EndProject
Project("{FAE04EC0-301F-11D3-BF4B-00C04F79EFBC}") = "DestinationCIty", "DestinationCIty\DestinationCIty.csproj", "{72153579-209C-42E1-AE34-8C95302AAF7C}"
EndProject
Project("{FAE04EC0-301F-11D3-BF4B-00C04F79EFBC}") = "SortColors", "SortColors\SortColors.csproj", "{469015DD-6233-4262-8432-150A36D6B3A4}"
EndProject
Project("{FAE04EC0-301F-11D3-BF4B-00C04F79EFBC}") = "PathSumII", "PathSumII\PathSumII.csproj", "{DFB4515B-C6D6-45E7-9837-461F00C2AA7E}"
EndProject
Project("{FAE04EC0-301F-11D3-BF4B-00C04F79EFBC}") = "SqrtX", "SqrtX\SqrtX.csproj", "{6F62CA7A-3802-4026-A02D-B9F1697F3CB7}"
EndProject
Project("{FAE04EC0-301F-11D3-BF4B-00C04F79EFBC}") = "ClimbingStairs", "ClimbingStairs\ClimbingStairs.csproj", "{D3C46312-E3AB-478E-B7A6-68A37A9F0B2F}"
EndProject
Project("{FAE04EC0-301F-11D3-BF4B-00C04F79EFBC}") = "RemoveDuplicatesFromSortedArray", "RemoveDuplicatesFromSortedArray\RemoveDuplicatesFromSortedArray.csproj", "{99E4DD0D-6F15-4E14-808A-718A17B26E41}"
EndProject
Project("{FAE04EC0-301F-11D3-BF4B-00C04F79EFBC}") = "RunningSumOf1dArray", "RunningSumOf1dArray\RunningSumOf1dArray.csproj", "{A1EB902B-CA5E-4197-A3EB-C2F4EA7178F2}"
EndProject
Project("{FAE04EC0-301F-11D3-BF4B-00C04F79EFBC}") = "PlusOne", "PlusOne\PlusOne.csproj", "{EB0D6F80-6B1D-4984-93C8-C96DF228CE96}"
EndProject
Project("{FAE04EC0-301F-11D3-BF4B-00C04F79EFBC}") = "AverageSalaryExcludingTheMinimumAndMaximumSalary", "AverageSalaryExcludingTheMinimumAndMaximumSalary\AverageSalaryExcludingTheMinimumAndMaximumSalary.csproj", "{6D00EA93-88E6-4C94-97B6-B729AA0737B3}"
EndProject
Project("{FAE04EC0-301F-11D3-BF4B-00C04F79EFBC}") = "MaximumValueOfAStringInArray", "MaximumValueOfAStringInArray\MaximumValueOfAStringInArray.csproj", "{CF255A77-7A42-45B1-A643-1037063977DB}"
EndProject
Project("{FAE04EC0-301F-11D3-BF4B-00C04F79EFBC}") = "MinimumCutsToDivideACircle", "MinimumCutsToDivideACircle\MinimumCutsToDivideACircle.csproj", "{5A409EDF-DF16-4FBD-9136-51F331E441A8}"
EndProject
Project("{FAE04EC0-301F-11D3-BF4B-00C04F79EFBC}") = "LargestPerimeterTriangle", "LargestPerimeterTriangle\LargestPerimeterTriangle.csproj", "{5CBE1E0E-18F2-41B8-8F10-B76D6DE70106}"
EndProject
Project("{FAE04EC0-301F-11D3-BF4B-00C04F79EFBC}") = "NumberOf1Bits", "NumberOf1Bits\NumberOf1Bits.csproj", "{9EEF6A37-78D4-422A-AE18-80BB4C76ADBA}"
EndProject
Project("{FAE04EC0-301F-11D3-BF4B-00C04F79EFBC}") = "Maximum69Number", "Maximum69Number\Maximum69Number.csproj", "{2F213333-5348-458D-98DC-7BD7DD1D6BF0}"
EndProject
Project("{FAE04EC0-301F-11D3-BF4B-00C04F79EFBC}") = "MoveZeroes", "MoveZeroes\MoveZeroes.csproj", "{94E980D7-5F74-4BED-9281-F87DE05B501A}"
EndProject
Project("{FAE04EC0-301F-11D3-BF4B-00C04F79EFBC}") = "SubstractTheProductAndSumOfDigitsOfAnInteger", "SubstractTheProductAndSumOfDigitsOfAnInteger\SubstractTheProductAndSumOfDigitsOfAnInteger.csproj", "{06198D7C-8C3A-4662-8E56-D20DC9E38D92}"
EndProject
Project("{FAE04EC0-301F-11D3-BF4B-00C04F79EFBC}") = "ImplementQueueUsingStack", "ImplementQueueUsingStack\ImplementQueueUsingStack.csproj", "{05C134FD-8C38-4916-9977-B4618769F74E}"
EndProject
Project("{FAE04EC0-301F-11D3-BF4B-00C04F79EFBC}") = "ImplementMagicDictionary", "ImplementMagicDictionary\ImplementMagicDictionary.csproj", "{CDFAE1CD-7B69-4F3E-8895-A7688085814E}"
EndProject
Project("{FAE04EC0-301F-11D3-BF4B-00C04F79EFBC}") = "EvaluateReversePolishNotation", "EvaluateReversePolishNotation\EvaluateReversePolishNotation.csproj", "{BF99D9D5-8CA8-4FF0-8481-B1970B9C1402}"
EndProject
Project("{FAE04EC0-301F-11D3-BF4B-00C04F79EFBC}") = "FindThenEarestPointThatHasTheSameXorYCoordinate", "FindThenEarestPointThatHasTheSameXorYCoordinate\FindThenEarestPointThatHasTheSameXorYCoordinate.csproj", "{8EFCC170-B3C2-40A4-9351-4FF3FFE7D602}"
EndProject
Project("{FAE04EC0-301F-11D3-BF4B-00C04F79EFBC}") = "DailyTemperatures", "DailyTemperatures\DailyTemperatures.csproj", "{84E84F3C-D9DF-4A4C-87EC-E75818EEDF61}"
EndProject
Project("{FAE04EC0-301F-11D3-BF4B-00C04F79EFBC}") = "CheckIfOneStringSwapCanMakeStringsEqual", "CheckIfOneStringSwapCanMakeStringsEqual\CheckIfOneStringSwapCanMakeStringsEqual.csproj", "{530A396E-8C33-4151-BA4D-3F10AEBAC3E1}"
EndProject
Project("{FAE04EC0-301F-11D3-BF4B-00C04F79EFBC}") = "CanMakeArithmeticProgression", "CanMakeArithmeticProgression\CanMakeArithmeticProgression.csproj", "{129BCCFF-DB41-48E6-9981-22EEAC30F558}"
EndProject
Project("{FAE04EC0-301F-11D3-BF4B-00C04F79EFBC}") = "SignOfTheProductOfAnArray", "SignOfTheProductOfAnArray\SignOfTheProductOfAnArray.csproj", "{C309C87E-4492-4772-ACC9-6EF0E944BDA5}"
EndProject
Project("{FAE04EC0-301F-11D3-BF4B-00C04F79EFBC}") = "HappyNumber", "HappyNumber\HappyNumber.csproj", "{23B1BD5E-E28A-4A00-BF77-AC747D235482}"
EndProject
Project("{FAE04EC0-301F-11D3-BF4B-00C04F79EFBC}") = "FindIfPathExistInGraph", "FindIfPathExistInGraph\FindIfPathExistInGraph.csproj", "{2A346FA9-E20D-4074-B901-5566521540BA}"
EndProject
Project("{FAE04EC0-301F-11D3-BF4B-00C04F79EFBC}") = "NextGreaterElement", "NextGreaterElement\NextGreaterElement.csproj", "{57F28220-7DE3-4237-B8BE-19832FED54DC}"
EndProject
Project("{FAE04EC0-301F-11D3-BF4B-00C04F79EFBC}") = "CheckIfItIsAStraightLine", "CheckIfItIsAStraightLine\CheckIfItIsAStraightLine.csproj", "{0305BDEA-2905-4BF3-ABE9-C51F10A51E63}"
EndProject
Project("{FAE04EC0-301F-11D3-BF4B-00C04F79EFBC}") = "N-aryTreePreorderTraversal", "N-aryTreePreorderTraversal\N-aryTreePreorderTraversal.csproj", "{5F2B7CF0-23DB-446C-BB6B-C96C0F019432}"
EndProject
Project("{FAE04EC0-301F-11D3-BF4B-00C04F79EFBC}") = "MaximumSubarray", "MaximumSubarray\MaximumSubarray.csproj", "{AC42952E-1A5D-4BC3-9C47-4F38DB09193E}"
EndProject
Project("{FAE04EC0-301F-11D3-BF4B-00C04F79EFBC}") = "MergeSortedArray", "MergeSortedArray\MergeSortedArray.csproj", "{C467D31F-8349-49B4-822C-9C51BDB8A166}"
EndProject
Project("{FAE04EC0-301F-11D3-BF4B-00C04F79EFBC}") = "IsIsomorphic", "IsIsomorphic\IsIsomorphic.csproj", "{70693E29-84C0-4857-A22B-30E144631338}"
EndProject
Project("{FAE04EC0-301F-11D3-BF4B-00C04F79EFBC}") = "DecryptStringFromAlphabetToIntegerMapping", "DecryptStringFromAlphabetToIntegerMapping\DecryptStringFromAlphabetToIntegerMapping.csproj", "{9C174DC5-ECD9-442E-835B-6750E07EE0E5}"
EndProject
Project("{FAE04EC0-301F-11D3-BF4B-00C04F79EFBC}") = "CellsInARangeOnAnExcelSheet", "CellsInARangeOnAnExcelSheet\CellsInARangeOnAnExcelSheet.csproj", "{BCD3FAA5-AE18-4E1D-9C79-63D8983834FF}"
EndProject
Project("{FAE04EC0-301F-11D3-BF4B-00C04F79EFBC}") = "RansomNote", "RansomNote\RansomNote.csproj", "{83820B1E-45B3-49DE-8403-EA81CAD8409A}"
EndProject
Project("{FAE04EC0-301F-11D3-BF4B-00C04F79EFBC}") = "ValidAnagram", "ValidAnagram\ValidAnagram.csproj", "{A050F68E-C7CC-4EDC-803D-E3299B6427B7}"
EndProject
Project("{FAE04EC0-301F-11D3-BF4B-00C04F79EFBC}") = "FirstUniqueCharacterInAString", "FirstUniqueCharacterInAString\FirstUniqueCharacterInAString.csproj", "{E8E03CFF-5914-448F-876A-353065BE541C}"
EndProject
Project("{FAE04EC0-301F-11D3-BF4B-00C04F79EFBC}") = "MedianOfTwoSortedArrays", "MedianOfTwoSortedArrays\MedianOfTwoSortedArrays.csproj", "{DB648DAA-FF98-46E4-872C-FA39DE681CB9}"
EndProject
Project("{FAE04EC0-301F-11D3-BF4B-00C04F79EFBC}") = "JumpGame", "JumpGame\JumpGame.csproj", "{4E15680A-CCCB-470B-B93B-0DEDD0081669}"
EndProject
Project("{FAE04EC0-301F-11D3-BF4B-00C04F79EFBC}") = "MonotonicArray", "MonotonicArray\MonotonicArray.csproj", "{11D38E01-73FD-4EAB-9620-652687790673}"
EndProject
Project("{FAE04EC0-301F-11D3-BF4B-00C04F79EFBC}") = "MaximumBagsWithFullCapacityOfRocks", "MaximumBagsWithFullCapacityOfRocks\MaximumBagsWithFullCapacityOfRocks.csproj", "{07A369FE-B5E8-4E64-95E7-29B565F69054}"
EndProject
Project("{FAE04EC0-301F-11D3-BF4B-00C04F79EFBC}") = "PercentageOfLetterInString", "PercentageOfLetterInString\PercentageOfLetterInString.csproj", "{5BE0ABAB-5A58-4CFA-AA87-EC4C9021554D}"
EndProject
Project("{FAE04EC0-301F-11D3-BF4B-00C04F79EFBC}") = "WordPattern", "WordPattern\WordPattern.csproj", "{42B14D2A-50FE-490F-B8F3-26881782A107}"
EndProject
Project("{FAE04EC0-301F-11D3-BF4B-00C04F79EFBC}") = "PartitionStringIntoSubstringsWithValuesAtMostK", "PartitionStringIntoSubstringsWithValuesAtMostK\PartitionStringIntoSubstringsWithValuesAtMostK.csproj", "{1BE390E4-7448-43AA-83B2-0A6C67C8CCB8}"
EndProject
Project("{FAE04EC0-301F-11D3-BF4B-00C04F79EFBC}") = "FizzBuzz", "FizzBuzz\FizzBuzz.csproj", "{B05CDE0C-27BB-4307-A961-4FF0E7C5D306}"
EndProject
Project("{FAE04EC0-301F-11D3-BF4B-00C04F79EFBC}") = "DeleteColumnsToMakeSorted", "DeleteColumnsToMakeSorted\DeleteColumnsToMakeSorted.csproj", "{D70EFBD7-3B8F-449A-96FE-0F0545F7C867}"
EndProject
Project("{FAE04EC0-301F-11D3-BF4B-00C04F79EFBC}") = "StrongPasswordCheckerII", "StrongPasswordCheckerII\StrongPasswordCheckerII.csproj", "{4FBCE701-499D-483B-B7AE-B6B8C5E05BB4}"
EndProject
Project("{FAE04EC0-301F-11D3-BF4B-00C04F79EFBC}") = "FindTargetIndicesAfterSortingArray", "FindTargetIndicesAfterSortingArray\FindTargetIndicesAfterSortingArray.csproj", "{AFEC047B-0397-41F8-B44B-29F01A957FF9}"
EndProject
Project("{FAE04EC0-301F-11D3-BF4B-00C04F79EFBC}") = "N-aryTreePostorderTraversal", "N-aryTreePostorderTraversal\N-aryTreePostorderTraversal.csproj", "{2F765877-F756-4142-9769-49C0E3ABE8E6}"
EndProject
Project("{FAE04EC0-301F-11D3-BF4B-00C04F79EFBC}") = "MinimumRoundsToCompleteAllTasks", "MinimumRoundsToCompleteAllTasks\MinimumRoundsToCompleteAllTasks.csproj", "{62B099D8-309D-4A36-8AC0-EE415C42CBD6}"
EndProject
Project("{FAE04EC0-301F-11D3-BF4B-00C04F79EFBC}") = "MinimumNumberOfArrowsToBurstBalloons", "MinimumNumberOfArrowsToBurstBalloons\MinimumNumberOfArrowsToBurstBalloons.csproj", "{1971C022-9174-4DE8-ADB2-624719D0C545}"
EndProject
Project("{FAE04EC0-301F-11D3-BF4B-00C04F79EFBC}") = "ReversePrefixOfWord", "ReversePrefixOfWord\ReversePrefixOfWord.csproj", "{EE6A9C16-4803-4365-B4AA-DC7F19015513}"
EndProject
Project("{FAE04EC0-301F-11D3-BF4B-00C04F79EFBC}") = "CountEqualAndDivisiblePairsInAnArray", "CountEqualAndDivisiblePairsInAnArray\CountEqualAndDivisiblePairsInAnArray.csproj", "{6357C26B-F35C-49BA-A015-12695CCA0D5F}"
EndProject
Project("{FAE04EC0-301F-11D3-BF4B-00C04F79EFBC}") = "MaxPointsOnALine", "MaxPointsOnALine\MaxPointsOnALine.csproj", "{94AB83E4-CD91-40CC-A42D-F5CA44D56F33}"
EndProject
Project("{FAE04EC0-301F-11D3-BF4B-00C04F79EFBC}") = "PerfectNumber", "PerfectNumber\PerfectNumber.csproj", "{54C73A6C-B3DA-4C5A-9A61-09C38DE994AF}"
EndProject
Project("{FAE04EC0-301F-11D3-BF4B-00C04F79EFBC}") = "BinaryTreePreorderTraversal", "BinaryTreePreorderTraversal\BinaryTreePreorderTraversal.csproj", "{0CB23BEF-7AB2-42E7-81A1-74F1F2ED6ADF}"
EndProject
Project("{FAE04EC0-301F-11D3-BF4B-00C04F79EFBC}") = "BinaryTreePostorderTraversal", "BinaryTreePostorderTraversal\BinaryTreePostorderTraversal.csproj", "{011C5034-B8B7-4AD8-B6B9-AF645D4A8C4D}"
EndProject
Project("{FAE04EC0-301F-11D3-BF4B-00C04F79EFBC}") = "BinaryTreeInorderTraversal", "BinaryTreeInorderTraversal\BinaryTreeInorderTraversal.csproj", "{F5D8E57D-F9B6-4FD3-893D-8C11C3982BA8}"
EndProject
Project("{FAE04EC0-301F-11D3-BF4B-00C04F79EFBC}") = "CheckIfStringIsAPrefixOfArray", "CheckIfStringIsAPrefixOfArray\CheckIfStringIsAPrefixOfArray.csproj", "{A38267C6-06E6-498C-A882-B47AFD14463A}"
EndProject
Project("{FAE04EC0-301F-11D3-BF4B-00C04F79EFBC}") = "SameTree", "SameTree\SameTree.csproj", "{B2CB69F4-5A04-4F83-A08C-018D111493A7}"
EndProject
Project("{FAE04EC0-301F-11D3-BF4B-00C04F79EFBC}") = "ThousandSeparator", "ThousandSeparator\ThousandSeparator.csproj", "{0DD8B0BF-698F-426C-A2EF-C7019094972A}"
EndProject
Project("{FAE04EC0-301F-11D3-BF4B-00C04F79EFBC}") = "WateringPlants", "WateringPlants\WateringPlants.csproj", "{1EEEAD98-7C27-48D3-8FC4-90F3687C685E}"
EndProject
Project("{FAE04EC0-301F-11D3-BF4B-00C04F79EFBC}") = "MaximumCountOfPositiveIntegerAndNegativeInteger", "MaximumCountOfPositiveIntegerAndNegativeInteger\MaximumCountOfPositiveIntegerAndNegativeInteger.csproj", "{D24A2B1A-FDD0-43A5-9CFA-8A3F409B97E0}"
EndProject
Project("{FAE04EC0-301F-11D3-BF4B-00C04F79EFBC}") = "NumberOfLinesToWriteString", "NumberOfLinesToWriteString\NumberOfLinesToWriteString.csproj", "{09718C80-910C-4498-8F46-010B957E10FC}"
EndProject
Project("{FAE04EC0-301F-11D3-BF4B-00C04F79EFBC}") = "FindCenterOfStarGraph", "FindCenterOfStarGraph\FindCenterOfStarGraph.csproj", "{BAAEF51E-80C9-4DF4-BAFF-63715EEBE33E}"
EndProject
Project("{FAE04EC0-301F-11D3-BF4B-00C04F79EFBC}") = "NumberOfValidWordsInASentence", "NumberOfValidWordsInASentence\NumberOfValidWordsInASentence.csproj", "{5E7DD82B-95FF-46A8-AA79-4C3FB9177A23}"
EndProject
Project("{FAE04EC0-301F-11D3-BF4B-00C04F79EFBC}") = "PascalsTriangleII", "PascalsTriangleII\PascalsTriangleII.csproj", "{1426F668-B557-49FF-9720-2BEEE9B32A51}"
EndProject
Project("{FAE04EC0-301F-11D3-BF4B-00C04F79EFBC}") = "SymmetricTree", "SymmetricTree\SymmetricTree.csproj", "{74573264-E177-4B79-B11C-B1A79E672AC5}"
EndProject
Project("{FAE04EC0-301F-11D3-BF4B-00C04F79EFBC}") = "RemoveOneElementToMakeTheArrayStrictlyIncreasing", "RemoveOneElementToMakeTheArrayStrictlyIncreasing\RemoveOneElementToMakeTheArrayStrictlyIncreasing.csproj", "{80A0D92D-C8E5-4F0C-8CEF-FC2006156B61}"
EndProject
Project("{FAE04EC0-301F-11D3-BF4B-00C04F79EFBC}") = "ElementAppearingMoreThan25PercentsInSortedArray", "ElementAppearingMoreThan25PercentsInSortedArray\ElementAppearingMoreThan25PercentsInSortedArray.csproj", "{D1D0D7FC-8148-47BE-8F72-6C343B6612A6}"
EndProject
Project("{FAE04EC0-301F-11D3-BF4B-00C04F79EFBC}") = "MajorityElement", "MajorityElement\MajorityElement.csproj", "{1FBAEE5F-531E-4C85-AEE7-4BDC0B14033D}"
EndProject
Project("{FAE04EC0-301F-11D3-BF4B-00C04F79EFBC}") = "DifferenceBetweenElementSumAndDigitSumOfAnArray", "DifferenceBetweenElementSumAndDigitSumOfAnArray\DifferenceBetweenElementSumAndDigitSumOfAnArray.csproj", "{2C438455-C0AB-403A-A1B9-DA2CDC99FF12}"
EndProject
Project("{FAE04EC0-301F-11D3-BF4B-00C04F79EFBC}") = "DayOfWeek", "DayOfWeek\DayOfWeek.csproj", "{10B97CB6-8DAF-4D0B-A9B8-34A89B6F7E8B}"
EndProject
Project("{FAE04EC0-301F-11D3-BF4B-00C04F79EFBC}") = "SortArrayByIncreasingFrequency", "SortArrayByIncreasingFrequency\SortArrayByIncreasingFrequency.csproj", "{CA10ACCB-82DE-4593-98C8-282744DE60C0}"
EndProject
Project("{FAE04EC0-301F-11D3-BF4B-00C04F79EFBC}") = "KeepMultiplyingFoundValuesByTwo", "KeepMultiplyingFoundValuesByTwo\KeepMultiplyingFoundValuesByTwo.csproj", "{03442C89-6A8A-4744-A4BE-7B68DAE5355F}"
EndProject
Project("{FAE04EC0-301F-11D3-BF4B-00C04F79EFBC}") = "LargestNumberAtLeastTwiceOfOthers", "LargestNumberAtLeastTwiceOfOthers\LargestNumberAtLeastTwiceOfOthers.csproj", "{A90639F0-D353-4CBC-9CA2-E0340557FDC9}"
EndProject
Project("{FAE04EC0-301F-11D3-BF4B-00C04F79EFBC}") = "IslandPerimeter", "IslandPerimeter\IslandPerimeter.csproj", "{7DC4FB6B-C7E9-45C0-8B13-EB18543AED95}"
EndProject
Project("{FAE04EC0-301F-11D3-BF4B-00C04F79EFBC}") = "UglyNumber", "UglyNumber\UglyNumber.csproj", "{B6479409-343D-40E9-B8AE-180660DA2FE8}"
EndProject
Project("{FAE04EC0-301F-11D3-BF4B-00C04F79EFBC}") = "NumberOfRecentCalls", "NumberOfRecentCalls\NumberOfRecentCalls.csproj", "{D7E2D7AF-B37F-4B40-83E0-72300422AECE}"
EndProject
Project("{FAE04EC0-301F-11D3-BF4B-00C04F79EFBC}") = "PowerOfFour", "PowerOfFour\PowerOfFour.csproj", "{C479BE1B-059E-48DF-9730-EE22B2A69DD5}"
EndProject
Project("{FAE04EC0-301F-11D3-BF4B-00C04F79EFBC}") = "PowerOfTwo", "PowerOfTwo\PowerOfTwo.csproj", "{04D1E331-EBCB-4628-BAFB-432356B5B471}"
EndProject
Project("{FAE04EC0-301F-11D3-BF4B-00C04F79EFBC}") = "PowerOfThree", "PowerOfThree\PowerOfThree.csproj", "{2028F09B-DC11-4B23-AA6B-DBA97AA76BD9}"
EndProject
Project("{FAE04EC0-301F-11D3-BF4B-00C04F79EFBC}") = "ExcelSheetColumnNumber", "ExcelSheetColumnNumber\ExcelSheetColumnNumber.csproj", "{52AA533C-6606-4F67-9554-56AB49174EEF}"
EndProject
Project("{FAE04EC0-301F-11D3-BF4B-00C04F79EFBC}") = "FindTheTownJudge", "FindTheTownJudge\FindTheTownJudge.csproj", "{5034F5AD-133A-4192-8693-EF064773147F}"
EndProject
Project("{FAE04EC0-301F-11D3-BF4B-00C04F79EFBC}") = "Subsets", "Subsets\Subsets.csproj", "{FDD271B7-D657-480F-80EB-A2B4922B8058}"
EndProject
Project("{FAE04EC0-301F-11D3-BF4B-00C04F79EFBC}") = "RingsAndRods", "RingsAndRods\RingsAndRods.csproj", "{96C33296-C92E-440A-9BF4-32E72272FA23}"
EndProject
Project("{FAE04EC0-301F-11D3-BF4B-00C04F79EFBC}") = "FindGreatestCommonDivisorOfArray", "FindGreatestCommonDivisorOfArray\FindGreatestCommonDivisorOfArray.csproj", "{87623382-C8B8-48A9-B870-792A7A9BEFE6}"
EndProject
Project("{FAE04EC0-301F-11D3-BF4B-00C04F79EFBC}") = "GasStation", "GasStation\GasStation.csproj", "{75BE8865-9F6C-487B-BB6E-33AE4161C3E5}"
EndProject
Project("{FAE04EC0-301F-11D3-BF4B-00C04F79EFBC}") = "Base7", "Base7\Base7.csproj", "{36998264-8ABE-47E9-8482-B3A2A10818B8}"
EndProject
Project("{FAE04EC0-301F-11D3-BF4B-00C04F79EFBC}") = "MaxConsecutiveOnes", "MaxConsecutiveOnes\MaxConsecutiveOnes.csproj", "{2F2FA209-44FA-4301-9C4B-659E8E2DD35A}"
EndProject
Project("{FAE04EC0-301F-11D3-BF4B-00C04F79EFBC}") = "LongestContiguousSegmentsOfOnesThanZeros", "LongestContiguousSegmentsOfOnesThanZeros\LongestContiguousSegmentsOfOnesThanZeros.csproj", "{C3C0C09F-AB94-4367-8A07-C51D2E62D3B4}"
EndProject
Project("{FAE04EC0-301F-11D3-BF4B-00C04F79EFBC}") = "Check if Binary String Has at Most One Segment of Ones", "Check if Binary String Has at Most One Segment of Ones\Check if Binary String Has at Most One Segment of Ones.csproj", "{4A304297-2B8A-4058-86CB-B259DC902E86}"
EndProject
Project("{FAE04EC0-301F-11D3-BF4B-00C04F79EFBC}") = "FindingTheUsersMostActiveMinutes", "FindingTheUsersMostActiveMinutes\FindingTheUsersMostActiveMinutes.csproj", "{56FBB00E-2652-4250-BE69-23AE7C07C09C}"
EndProject
Project("{FAE04EC0-301F-11D3-BF4B-00C04F79EFBC}") = "AddDigits", "AddDigits\AddDigits.csproj", "{737AA3C4-5B4C-45A7-9EA3-7994864D5025}"
EndProject
Project("{FAE04EC0-301F-11D3-BF4B-00C04F79EFBC}") = "UncommonWordsFromTwoSentences", "UncommonWordsFromTwoSentences\UncommonWordsFromTwoSentences.csproj", "{986CCA80-62B5-47C0-93C2-9F3F6A898132}"
EndProject
Project("{FAE04EC0-301F-11D3-BF4B-00C04F79EFBC}") = "CountCommonWordsWithOneOccurrence", "CountCommonWordsWithOneOccurrence\CountCommonWordsWithOneOccurrence.csproj", "{C50E74D6-A31E-4AEA-A7AF-7A64B43EBCEE}"
EndProject
Project("{FAE04EC0-301F-11D3-BF4B-00C04F79EFBC}") = "KthDistinctStringInArray", "KthDistinctStringInArray\KthDistinctStringInArray.csproj", "{B82010A8-B1D3-4B52-B4EA-05A08B80CFFB}"
EndProject
Project("{FAE04EC0-301F-11D3-BF4B-00C04F79EFBC}") = "FibonacciNumber", "FibonacciNumber\FibonacciNumber.csproj", "{73F4C911-4467-436D-9350-7236C830367B}"
EndProject
Project("{FAE04EC0-301F-11D3-BF4B-00C04F79EFBC}") = "RemoveDuplicatesFromSortedArrayII", "RemoveDuplicatesFromSortedArrayII\RemoveDuplicatesFromSortedArrayII.csproj", "{E95B4E77-B6C0-4981-9F27-5CE083B0F5F4}"
EndProject
Project("{FAE04EC0-301F-11D3-BF4B-00C04F79EFBC}") = "GreatestCommonDivisorOfStrings", "GreatestCommonDivisorOfStrings\GreatestCommonDivisorOfStrings.csproj", "{6C82AC8D-7DFF-4D4D-AD7A-6CA506305EB5}"
EndProject
Project("{FAE04EC0-301F-11D3-BF4B-00C04F79EFBC}") = "MinimumOperationsToMakeArrayEqual", "MinimumOperationsToMakeArrayEqual\MinimumOperationsToMakeArrayEqual.csproj", "{EC1D8795-4C7A-4C35-89BB-D29D99D3CE51}"
EndProject
Project("{FAE04EC0-301F-11D3-BF4B-00C04F79EFBC}") = "NumberComplement", "NumberComplement\NumberComplement.csproj", "{991E19CA-ADBE-41CD-867A-195799B73866}"
EndProject
Project("{FAE04EC0-301F-11D3-BF4B-00C04F79EFBC}") = "FindAllAnagramsInAString", "FindAllAnagramsInAString\FindAllAnagramsInAString.csproj", "{7ABAD9CE-B76A-4EE3-8F93-8FE8CE949B02}"
EndProject
Project("{FAE04EC0-301F-11D3-BF4B-00C04F79EFBC}") = "SeparateDigitsInAnArray", "SeparateDigitsInAnArray\SeparateDigitsInAnArray.csproj", "{7575EAE2-8CCA-45DD-90B5-6A5FFE1C7878}"
EndProject
Project("{FAE04EC0-301F-11D3-BF4B-00C04F79EFBC}") = "MaximumNUmberOfIntegersToChooseFromARangeI", "MaximumNUmberOfIntegersToChooseFromARangeI\MaximumNUmberOfIntegersToChooseFromARangeI.csproj", "{3C3642C0-E512-4ED4-89AC-783256DE6149}"
EndProject
Project("{FAE04EC0-301F-11D3-BF4B-00C04F79EFBC}") = "ShuffleTheArray", "ShuffleTheArray\ShuffleTheArray.csproj", "{5AF42474-BE6F-40F4-8CF0-80F146A07CDF}"
EndProject
Project("{FAE04EC0-301F-11D3-BF4B-00C04F79EFBC}") = "JumpGameII", "JumpGameII\JumpGameII.csproj", "{739B2FE6-A13B-4D7F-9A9F-EAD0D4966C1F}"
EndProject
Project("{FAE04EC0-301F-11D3-BF4B-00C04F79EFBC}") = "DisplayTableOfFoodOrdersInARestaurant", "DisplayTableOfFoodOrdersInARestaurant\DisplayTableOfFoodOrdersInARestaurant.csproj", "{92386CD7-C920-4ECE-926A-653FB2CC4574}"
EndProject
Project("{FAE04EC0-301F-11D3-BF4B-00C04F79EFBC}") = "NumberOfLaserBeamsInABank", "NumberOfLaserBeamsInABank\NumberOfLaserBeamsInABank.csproj", "{A118AFD2-EEF7-4AE7-8D04-438850E21FD1}"
EndProject
Project("{FAE04EC0-301F-11D3-BF4B-00C04F79EFBC}") = "ReverseStringII", "ReverseStringII\ReverseStringII.csproj", "{F44361F0-279A-4503-B42F-1F3289F1F961}"
EndProject
Project("{FAE04EC0-301F-11D3-BF4B-00C04F79EFBC}") = "AddToArray-FormOfInteger", "AddToArray-FormOfInteger\AddToArray-FormOfInteger.csproj", "{2063C240-C109-499F-BA05-2552BB49D2BD}"
EndProject
Project("{FAE04EC0-301F-11D3-BF4B-00C04F79EFBC}") = "FindAllNumbersDisappearedInAnArray", "FindAllNumbersDisappearedInAnArray\FindAllNumbersDisappearedInAnArray.csproj", "{719C393F-63D8-41BA-BC7D-7AAE0A9AB0C0}"
EndProject
Project("{FAE04EC0-301F-11D3-BF4B-00C04F79EFBC}") = "HandOfStraights", "HandOfStraights\HandOfStraights.csproj", "{A5E993C3-80C4-4861-907C-73265C06CBA0}"
EndProject
Project("{FAE04EC0-301F-11D3-BF4B-00C04F79EFBC}") = "MajorityElementII", "MajorityElementII\MajorityElementII.csproj", "{139882CD-5D0D-4B4B-810C-1384C67788F9}"
EndProject
Project("{FAE04EC0-301F-11D3-BF4B-00C04F79EFBC}") = "MostFrequentEvenElement", "MostFrequentEvenElement\MostFrequentEvenElement.csproj", "{ED345081-4D84-46C4-A8A7-D113D060BAFD}"
EndProject
Project("{FAE04EC0-301F-11D3-BF4B-00C04F79EFBC}") = "TopKFrequentElements", "TopKFrequentElements\TopKFrequentElements.csproj", "{97B2DA30-150D-4858-BA25-5889A582BFF1}"
EndProject
Project("{FAE04EC0-301F-11D3-BF4B-00C04F79EFBC}") = "MostCommonWord", "MostCommonWord\MostCommonWord.csproj", "{CD00BFC2-64CA-4558-B57A-82D7880F9311}"
EndProject
Project("{FAE04EC0-301F-11D3-BF4B-00C04F79EFBC}") = "TrappingRainWater", "TrappingRainWater\TrappingRainWater.csproj", "{2CB02113-FD21-479F-B0D2-CE893537EE8E}"
EndProject
Project("{FAE04EC0-301F-11D3-BF4B-00C04F79EFBC}") = "MostFrequentNumberFollowingKeyInAnArray", "MostFrequentNumberFollowingKeyInAnArray\MostFrequentNumberFollowingKeyInAnArray.csproj", "{72BECFF6-499E-4345-989F-417F2CB07937}"
EndProject
Project("{FAE04EC0-301F-11D3-BF4B-00C04F79EFBC}") = "SingleElementInASortedArray", "SingleElementInASortedArray\SingleElementInASortedArray.csproj", "{1CCB02A1-0213-4046-8982-0055B20EF713}"
EndProject
Project("{FAE04EC0-301F-11D3-BF4B-00C04F79EFBC}") = "RelativeSortArray", "RelativeSortArray\RelativeSortArray.csproj", "{FD8FC799-A8B3-42A0-889E-B42713205D6B}"
EndProject
Project("{FAE04EC0-301F-11D3-BF4B-00C04F79EFBC}") = "Permutations", "Permutations\Permutations.csproj", "{54E3C88B-F722-452A-8A51-CAA32D072797}"
EndProject
Project("{FAE04EC0-301F-11D3-BF4B-00C04F79EFBC}") = "PrintWordsVertically", "PrintWordsVertically\PrintWordsVertically.csproj", "{CEB19CE5-8065-4CB0-82DF-74537961A6F6}"
EndProject
Project("{FAE04EC0-301F-11D3-BF4B-00C04F79EFBC}") = "StudentAttendanceRecordI", "StudentAttendanceRecordI\StudentAttendanceRecordI.csproj", "{4EBD9114-242F-4548-962B-03D8CCEB905F}"
EndProject
Project("{FAE04EC0-301F-11D3-BF4B-00C04F79EFBC}") = "FindTheMiddleIndexInArray", "FindTheMiddleIndexInArray\FindTheMiddleIndexInArray.csproj", "{278FA9E4-BC2D-4BFA-99C5-464213115DC6}"
EndProject
Project("{FAE04EC0-301F-11D3-BF4B-00C04F79EFBC}") = "ShortestCompletingWord", "ShortestCompletingWord\ShortestCompletingWord.csproj", "{F206075F-1C5F-4FC9-9E95-AA7DBF69AB43}"
EndProject
Project("{FAE04EC0-301F-11D3-BF4B-00C04F79EFBC}") = "ValidMountainArray", "ValidMountainArray\ValidMountainArray.csproj", "{F8A4ED60-C197-403C-A5C8-069DE3383936}"
EndProject
Project("{FAE04EC0-301F-11D3-BF4B-00C04F79EFBC}") = "DIstringMatch", "DIstringMatch\DIstringMatch.csproj", "{E1614D92-02AD-4A3F-BA06-0FF6A08AF16C}"
EndProject
Project("{FAE04EC0-301F-11D3-BF4B-00C04F79EFBC}") = "NumberOfRectanglesThatCanFormTheLargestSquare", "NumberOfRectanglesThatCanFormTheLargestSquare\NumberOfRectanglesThatCanFormTheLargestSquare.csproj", "{87FCF275-84BE-4EEF-9150-1B3C46869C2F}"
EndProject
Project("{FAE04EC0-301F-11D3-BF4B-00C04F79EFBC}") = "NumberOfZero-FilledSubarrays", "NumberOfZero-FilledSubarrays\NumberOfZero-FilledSubarrays.csproj", "{E6F60867-0AD9-43F9-B3C2-5EEBE1BA3546}"
EndProject
Project("{FAE04EC0-301F-11D3-BF4B-00C04F79EFBC}") = "AlternatingDigitSum", "AlternatingDigitSum\AlternatingDigitSum.csproj", "{F43EFE8B-206C-495A-9921-9689E6690A91}"
EndProject
Project("{FAE04EC0-301F-11D3-BF4B-00C04F79EFBC}") = "MaxIncreaseToKeepCitySkyline", "MaxIncreaseToKeepCitySkyline\MaxIncreaseToKeepCitySkyline.csproj", "{0458D0F5-EF19-40E3-AF4D-C6EAB8993AE9}"
EndProject
Project("{FAE04EC0-301F-11D3-BF4B-00C04F79EFBC}") = "CanPlaceFlowers", "CanPlaceFlowers\CanPlaceFlowers.csproj", "{51E54D29-6E72-408B-8ED7-056DD049524C}"
EndProject
Project("{FAE04EC0-301F-11D3-BF4B-00C04F79EFBC}") = "GuessNumberHigherOrLower", "GuessNumberHigherOrLower\GuessNumberHigherOrLower.csproj", "{B8E6DB41-185C-421F-93D0-BE8B73B94BB7}"
EndProject
Project("{FAE04EC0-301F-11D3-BF4B-00C04F79EFBC}") = "LongestUncommonSubsequenceI", "LongestUncommonSubsequenceI\LongestUncommonSubsequenceI.csproj", "{178B3868-E176-44B8-BCEE-736C18B92E1F}"
EndProject
Project("{FAE04EC0-301F-11D3-BF4B-00C04F79EFBC}") = "XOfAKindInADeckOfCards", "XOfAKindInADeckOfCards\XOfAKindInADeckOfCards.csproj", "{C6E994EB-40FD-409D-A7BB-DDF0135A2135}"
EndProject
Project("{FAE04EC0-301F-11D3-BF4B-00C04F79EFBC}") = "MaximumNumberOfBalloons", "MaximumNumberOfBalloons\MaximumNumberOfBalloons.csproj", "{DA86FEA6-3A94-42FA-8B1B-33ED71096C66}"
EndProject
Project("{FAE04EC0-301F-11D3-BF4B-00C04F79EFBC}") = "FormSmallestNumberFromTwoDigitsArrays", "FormSmallestNumberFromTwoDigitsArrays\FormSmallestNumberFromTwoDigitsArrays.csproj", "{A965126B-F61D-4DAC-9D46-11CDD683E2AA}"
EndProject
Project("{FAE04EC0-301F-11D3-BF4B-00C04F79EFBC}") = "CheckIfWordEqualsSummationOfTwoWords", "CheckIfWordEqualsSummationOfTwoWords\CheckIfWordEqualsSummationOfTwoWords.csproj", "{F907CDA3-4BE3-4C6A-B6B2-303A3E6C27F3}"
EndProject
Project("{FAE04EC0-301F-11D3-BF4B-00C04F79EFBC}") = "FindTheMaximumDivisibilityScore", "FindTheMaximumDivisibilityScore\FindTheMaximumDivisibilityScore.csproj", "{65DBC718-59CB-46F0-B866-738542070909}"
EndProject
Project("{FAE04EC0-301F-11D3-BF4B-00C04F79EFBC}") = "MinimumStringLengthAfterRemovingSubstrings", "MinimumStringLengthAfterRemovingSubstrings\MinimumStringLengthAfterRemovingSubstrings.csproj", "{AB82D848-D48E-4216-AA0D-A9012F0072A2}"
EndProject
Project("{FAE04EC0-301F-11D3-BF4B-00C04F79EFBC}") = "LexicographicallySmallestPalindrome", "LexicographicallySmallestPalindrome\LexicographicallySmallestPalindrome.csproj", "{EB881564-F87A-45E0-8C2E-0C20F1E07302}"
EndProject
Project("{FAE04EC0-301F-11D3-BF4B-00C04F79EFBC}") = "CheckIfTheNumberIsFascinating", "CheckIfTheNumberIsFascinating\CheckIfTheNumberIsFascinating.csproj", "{E97AF425-6701-4515-8861-0A33FEB8CB1E}"
EndProject
Project("{FAE04EC0-301F-11D3-BF4B-00C04F79EFBC}") = "TotalDistanceTraveled", "TotalDistanceTraveled\TotalDistanceTraveled.csproj", "{7E193636-8A1D-4D6A-8DF0-1D7C7547E509}"
EndProject
Project("{FAE04EC0-301F-11D3-BF4B-00C04F79EFBC}") = "FindTheValueOfThePartition", "FindTheValueOfThePartition\FindTheValueOfThePartition.csproj", "{072E1225-7DA9-4B78-B9EC-6B9B9600CA11}"
EndProject
Project("{FAE04EC0-301F-11D3-BF4B-00C04F79EFBC}") = "LongestArithmeticSubsequence", "LongestArithmeticSubsequence\LongestArithmeticSubsequence.csproj", "{FB942E71-45C0-4640-AE1A-8957FB0F24B1}"
EndProject
Project("{FAE04EC0-301F-11D3-BF4B-00C04F79EFBC}") = "SeparateBlackAndWhiteBalls", "SeparateBlackAndWhiteBalls\SeparateBlackAndWhiteBalls.csproj", "{475AA149-2790-4CA9-B45E-F94001E94B95}"
EndProject
Project("{FAE04EC0-301F-11D3-BF4B-00C04F79EFBC}") = "FindSmallestGreatestThanTarget", "FindSmallestGreatestThanTarget\FindSmallestGreatestThanTarget.csproj", "{AD68B703-C799-4D39-BEAE-8D98A0771E23}"
EndProject
Project("{FAE04EC0-301F-11D3-BF4B-00C04F79EFBC}") = "PathCrossing", "PathCrossing\PathCrossing.csproj", "{A0DB0DC7-77DD-4034-BD3E-C9E1C9CD7ACB}"
EndProject
Project("{FAE04EC0-301F-11D3-BF4B-00C04F79EFBC}") = "MinimumNumberGame", "MinimumNumberGame\MinimumNumberGame.csproj", "{EE9C4C2A-5886-44CF-A021-A96EB5DC88C5}"
EndProject
Global
	GlobalSection(SolutionConfigurationPlatforms) = preSolution
		Debug|Any CPU = Debug|Any CPU
		Release|Any CPU = Release|Any CPU
	EndGlobalSection
	GlobalSection(ProjectConfigurationPlatforms) = postSolution
		{83675734-FD3F-4B04-9188-56700633241C}.Debug|Any CPU.ActiveCfg = Debug|Any CPU
		{83675734-FD3F-4B04-9188-56700633241C}.Debug|Any CPU.Build.0 = Debug|Any CPU
		{83675734-FD3F-4B04-9188-56700633241C}.Release|Any CPU.ActiveCfg = Release|Any CPU
		{83675734-FD3F-4B04-9188-56700633241C}.Release|Any CPU.Build.0 = Release|Any CPU
		{C48DB9C5-BEF5-4826-8A99-666F48EEB11E}.Debug|Any CPU.ActiveCfg = Debug|Any CPU
		{C48DB9C5-BEF5-4826-8A99-666F48EEB11E}.Debug|Any CPU.Build.0 = Debug|Any CPU
		{C48DB9C5-BEF5-4826-8A99-666F48EEB11E}.Release|Any CPU.ActiveCfg = Release|Any CPU
		{C48DB9C5-BEF5-4826-8A99-666F48EEB11E}.Release|Any CPU.Build.0 = Release|Any CPU
		{8804D668-45DA-49C5-9FEC-76C701E214B3}.Debug|Any CPU.ActiveCfg = Debug|Any CPU
		{8804D668-45DA-49C5-9FEC-76C701E214B3}.Debug|Any CPU.Build.0 = Debug|Any CPU
		{8804D668-45DA-49C5-9FEC-76C701E214B3}.Release|Any CPU.ActiveCfg = Release|Any CPU
		{8804D668-45DA-49C5-9FEC-76C701E214B3}.Release|Any CPU.Build.0 = Release|Any CPU
		{7F8CA674-5CC8-4656-86EC-C349F7ABFF3D}.Debug|Any CPU.ActiveCfg = Debug|Any CPU
		{7F8CA674-5CC8-4656-86EC-C349F7ABFF3D}.Debug|Any CPU.Build.0 = Debug|Any CPU
		{7F8CA674-5CC8-4656-86EC-C349F7ABFF3D}.Release|Any CPU.ActiveCfg = Release|Any CPU
		{7F8CA674-5CC8-4656-86EC-C349F7ABFF3D}.Release|Any CPU.Build.0 = Release|Any CPU
		{F0DF47AB-451A-4A80-93B5-52B4104F4BD0}.Debug|Any CPU.ActiveCfg = Debug|Any CPU
		{F0DF47AB-451A-4A80-93B5-52B4104F4BD0}.Debug|Any CPU.Build.0 = Debug|Any CPU
		{F0DF47AB-451A-4A80-93B5-52B4104F4BD0}.Release|Any CPU.ActiveCfg = Release|Any CPU
		{F0DF47AB-451A-4A80-93B5-52B4104F4BD0}.Release|Any CPU.Build.0 = Release|Any CPU
		{72153579-209C-42E1-AE34-8C95302AAF7C}.Debug|Any CPU.ActiveCfg = Debug|Any CPU
		{72153579-209C-42E1-AE34-8C95302AAF7C}.Debug|Any CPU.Build.0 = Debug|Any CPU
		{72153579-209C-42E1-AE34-8C95302AAF7C}.Release|Any CPU.ActiveCfg = Release|Any CPU
		{72153579-209C-42E1-AE34-8C95302AAF7C}.Release|Any CPU.Build.0 = Release|Any CPU
		{469015DD-6233-4262-8432-150A36D6B3A4}.Debug|Any CPU.ActiveCfg = Debug|Any CPU
		{469015DD-6233-4262-8432-150A36D6B3A4}.Debug|Any CPU.Build.0 = Debug|Any CPU
		{469015DD-6233-4262-8432-150A36D6B3A4}.Release|Any CPU.ActiveCfg = Release|Any CPU
		{469015DD-6233-4262-8432-150A36D6B3A4}.Release|Any CPU.Build.0 = Release|Any CPU
		{DFB4515B-C6D6-45E7-9837-461F00C2AA7E}.Debug|Any CPU.ActiveCfg = Debug|Any CPU
		{DFB4515B-C6D6-45E7-9837-461F00C2AA7E}.Debug|Any CPU.Build.0 = Debug|Any CPU
		{DFB4515B-C6D6-45E7-9837-461F00C2AA7E}.Release|Any CPU.ActiveCfg = Release|Any CPU
		{DFB4515B-C6D6-45E7-9837-461F00C2AA7E}.Release|Any CPU.Build.0 = Release|Any CPU
		{6F62CA7A-3802-4026-A02D-B9F1697F3CB7}.Debug|Any CPU.ActiveCfg = Debug|Any CPU
		{6F62CA7A-3802-4026-A02D-B9F1697F3CB7}.Debug|Any CPU.Build.0 = Debug|Any CPU
		{6F62CA7A-3802-4026-A02D-B9F1697F3CB7}.Release|Any CPU.ActiveCfg = Release|Any CPU
		{6F62CA7A-3802-4026-A02D-B9F1697F3CB7}.Release|Any CPU.Build.0 = Release|Any CPU
		{D3C46312-E3AB-478E-B7A6-68A37A9F0B2F}.Debug|Any CPU.ActiveCfg = Debug|Any CPU
		{D3C46312-E3AB-478E-B7A6-68A37A9F0B2F}.Debug|Any CPU.Build.0 = Debug|Any CPU
		{D3C46312-E3AB-478E-B7A6-68A37A9F0B2F}.Release|Any CPU.ActiveCfg = Release|Any CPU
		{D3C46312-E3AB-478E-B7A6-68A37A9F0B2F}.Release|Any CPU.Build.0 = Release|Any CPU
		{99E4DD0D-6F15-4E14-808A-718A17B26E41}.Debug|Any CPU.ActiveCfg = Debug|Any CPU
		{99E4DD0D-6F15-4E14-808A-718A17B26E41}.Debug|Any CPU.Build.0 = Debug|Any CPU
		{99E4DD0D-6F15-4E14-808A-718A17B26E41}.Release|Any CPU.ActiveCfg = Release|Any CPU
		{99E4DD0D-6F15-4E14-808A-718A17B26E41}.Release|Any CPU.Build.0 = Release|Any CPU
		{A1EB902B-CA5E-4197-A3EB-C2F4EA7178F2}.Debug|Any CPU.ActiveCfg = Debug|Any CPU
		{A1EB902B-CA5E-4197-A3EB-C2F4EA7178F2}.Debug|Any CPU.Build.0 = Debug|Any CPU
		{A1EB902B-CA5E-4197-A3EB-C2F4EA7178F2}.Release|Any CPU.ActiveCfg = Release|Any CPU
		{A1EB902B-CA5E-4197-A3EB-C2F4EA7178F2}.Release|Any CPU.Build.0 = Release|Any CPU
		{EB0D6F80-6B1D-4984-93C8-C96DF228CE96}.Debug|Any CPU.ActiveCfg = Debug|Any CPU
		{EB0D6F80-6B1D-4984-93C8-C96DF228CE96}.Debug|Any CPU.Build.0 = Debug|Any CPU
		{EB0D6F80-6B1D-4984-93C8-C96DF228CE96}.Release|Any CPU.ActiveCfg = Release|Any CPU
		{EB0D6F80-6B1D-4984-93C8-C96DF228CE96}.Release|Any CPU.Build.0 = Release|Any CPU
		{6D00EA93-88E6-4C94-97B6-B729AA0737B3}.Debug|Any CPU.ActiveCfg = Debug|Any CPU
		{6D00EA93-88E6-4C94-97B6-B729AA0737B3}.Debug|Any CPU.Build.0 = Debug|Any CPU
		{6D00EA93-88E6-4C94-97B6-B729AA0737B3}.Release|Any CPU.ActiveCfg = Release|Any CPU
		{6D00EA93-88E6-4C94-97B6-B729AA0737B3}.Release|Any CPU.Build.0 = Release|Any CPU
		{CF255A77-7A42-45B1-A643-1037063977DB}.Debug|Any CPU.ActiveCfg = Debug|Any CPU
		{CF255A77-7A42-45B1-A643-1037063977DB}.Debug|Any CPU.Build.0 = Debug|Any CPU
		{CF255A77-7A42-45B1-A643-1037063977DB}.Release|Any CPU.ActiveCfg = Release|Any CPU
		{CF255A77-7A42-45B1-A643-1037063977DB}.Release|Any CPU.Build.0 = Release|Any CPU
		{5A409EDF-DF16-4FBD-9136-51F331E441A8}.Debug|Any CPU.ActiveCfg = Debug|Any CPU
		{5A409EDF-DF16-4FBD-9136-51F331E441A8}.Debug|Any CPU.Build.0 = Debug|Any CPU
		{5A409EDF-DF16-4FBD-9136-51F331E441A8}.Release|Any CPU.ActiveCfg = Release|Any CPU
		{5A409EDF-DF16-4FBD-9136-51F331E441A8}.Release|Any CPU.Build.0 = Release|Any CPU
		{5CBE1E0E-18F2-41B8-8F10-B76D6DE70106}.Debug|Any CPU.ActiveCfg = Debug|Any CPU
		{5CBE1E0E-18F2-41B8-8F10-B76D6DE70106}.Debug|Any CPU.Build.0 = Debug|Any CPU
		{5CBE1E0E-18F2-41B8-8F10-B76D6DE70106}.Release|Any CPU.ActiveCfg = Release|Any CPU
		{5CBE1E0E-18F2-41B8-8F10-B76D6DE70106}.Release|Any CPU.Build.0 = Release|Any CPU
		{9EEF6A37-78D4-422A-AE18-80BB4C76ADBA}.Debug|Any CPU.ActiveCfg = Debug|Any CPU
		{9EEF6A37-78D4-422A-AE18-80BB4C76ADBA}.Debug|Any CPU.Build.0 = Debug|Any CPU
		{9EEF6A37-78D4-422A-AE18-80BB4C76ADBA}.Release|Any CPU.ActiveCfg = Release|Any CPU
		{9EEF6A37-78D4-422A-AE18-80BB4C76ADBA}.Release|Any CPU.Build.0 = Release|Any CPU
		{2F213333-5348-458D-98DC-7BD7DD1D6BF0}.Debug|Any CPU.ActiveCfg = Debug|Any CPU
		{2F213333-5348-458D-98DC-7BD7DD1D6BF0}.Debug|Any CPU.Build.0 = Debug|Any CPU
		{2F213333-5348-458D-98DC-7BD7DD1D6BF0}.Release|Any CPU.ActiveCfg = Release|Any CPU
		{2F213333-5348-458D-98DC-7BD7DD1D6BF0}.Release|Any CPU.Build.0 = Release|Any CPU
		{94E980D7-5F74-4BED-9281-F87DE05B501A}.Debug|Any CPU.ActiveCfg = Debug|Any CPU
		{94E980D7-5F74-4BED-9281-F87DE05B501A}.Debug|Any CPU.Build.0 = Debug|Any CPU
		{94E980D7-5F74-4BED-9281-F87DE05B501A}.Release|Any CPU.ActiveCfg = Release|Any CPU
		{94E980D7-5F74-4BED-9281-F87DE05B501A}.Release|Any CPU.Build.0 = Release|Any CPU
		{06198D7C-8C3A-4662-8E56-D20DC9E38D92}.Debug|Any CPU.ActiveCfg = Debug|Any CPU
		{06198D7C-8C3A-4662-8E56-D20DC9E38D92}.Debug|Any CPU.Build.0 = Debug|Any CPU
		{06198D7C-8C3A-4662-8E56-D20DC9E38D92}.Release|Any CPU.ActiveCfg = Release|Any CPU
		{06198D7C-8C3A-4662-8E56-D20DC9E38D92}.Release|Any CPU.Build.0 = Release|Any CPU
		{05C134FD-8C38-4916-9977-B4618769F74E}.Debug|Any CPU.ActiveCfg = Debug|Any CPU
		{05C134FD-8C38-4916-9977-B4618769F74E}.Debug|Any CPU.Build.0 = Debug|Any CPU
		{05C134FD-8C38-4916-9977-B4618769F74E}.Release|Any CPU.ActiveCfg = Release|Any CPU
		{05C134FD-8C38-4916-9977-B4618769F74E}.Release|Any CPU.Build.0 = Release|Any CPU
		{CDFAE1CD-7B69-4F3E-8895-A7688085814E}.Debug|Any CPU.ActiveCfg = Debug|Any CPU
		{CDFAE1CD-7B69-4F3E-8895-A7688085814E}.Debug|Any CPU.Build.0 = Debug|Any CPU
		{CDFAE1CD-7B69-4F3E-8895-A7688085814E}.Release|Any CPU.ActiveCfg = Release|Any CPU
		{CDFAE1CD-7B69-4F3E-8895-A7688085814E}.Release|Any CPU.Build.0 = Release|Any CPU
		{BF99D9D5-8CA8-4FF0-8481-B1970B9C1402}.Debug|Any CPU.ActiveCfg = Debug|Any CPU
		{BF99D9D5-8CA8-4FF0-8481-B1970B9C1402}.Debug|Any CPU.Build.0 = Debug|Any CPU
		{BF99D9D5-8CA8-4FF0-8481-B1970B9C1402}.Release|Any CPU.ActiveCfg = Release|Any CPU
		{BF99D9D5-8CA8-4FF0-8481-B1970B9C1402}.Release|Any CPU.Build.0 = Release|Any CPU
		{8EFCC170-B3C2-40A4-9351-4FF3FFE7D602}.Debug|Any CPU.ActiveCfg = Debug|Any CPU
		{8EFCC170-B3C2-40A4-9351-4FF3FFE7D602}.Debug|Any CPU.Build.0 = Debug|Any CPU
		{8EFCC170-B3C2-40A4-9351-4FF3FFE7D602}.Release|Any CPU.ActiveCfg = Release|Any CPU
		{8EFCC170-B3C2-40A4-9351-4FF3FFE7D602}.Release|Any CPU.Build.0 = Release|Any CPU
		{84E84F3C-D9DF-4A4C-87EC-E75818EEDF61}.Debug|Any CPU.ActiveCfg = Debug|Any CPU
		{84E84F3C-D9DF-4A4C-87EC-E75818EEDF61}.Debug|Any CPU.Build.0 = Debug|Any CPU
		{84E84F3C-D9DF-4A4C-87EC-E75818EEDF61}.Release|Any CPU.ActiveCfg = Release|Any CPU
		{84E84F3C-D9DF-4A4C-87EC-E75818EEDF61}.Release|Any CPU.Build.0 = Release|Any CPU
		{530A396E-8C33-4151-BA4D-3F10AEBAC3E1}.Debug|Any CPU.ActiveCfg = Debug|Any CPU
		{530A396E-8C33-4151-BA4D-3F10AEBAC3E1}.Debug|Any CPU.Build.0 = Debug|Any CPU
		{530A396E-8C33-4151-BA4D-3F10AEBAC3E1}.Release|Any CPU.ActiveCfg = Release|Any CPU
		{530A396E-8C33-4151-BA4D-3F10AEBAC3E1}.Release|Any CPU.Build.0 = Release|Any CPU
		{129BCCFF-DB41-48E6-9981-22EEAC30F558}.Debug|Any CPU.ActiveCfg = Debug|Any CPU
		{129BCCFF-DB41-48E6-9981-22EEAC30F558}.Debug|Any CPU.Build.0 = Debug|Any CPU
		{129BCCFF-DB41-48E6-9981-22EEAC30F558}.Release|Any CPU.ActiveCfg = Release|Any CPU
		{129BCCFF-DB41-48E6-9981-22EEAC30F558}.Release|Any CPU.Build.0 = Release|Any CPU
		{C309C87E-4492-4772-ACC9-6EF0E944BDA5}.Debug|Any CPU.ActiveCfg = Debug|Any CPU
		{C309C87E-4492-4772-ACC9-6EF0E944BDA5}.Debug|Any CPU.Build.0 = Debug|Any CPU
		{C309C87E-4492-4772-ACC9-6EF0E944BDA5}.Release|Any CPU.ActiveCfg = Release|Any CPU
		{C309C87E-4492-4772-ACC9-6EF0E944BDA5}.Release|Any CPU.Build.0 = Release|Any CPU
		{23B1BD5E-E28A-4A00-BF77-AC747D235482}.Debug|Any CPU.ActiveCfg = Debug|Any CPU
		{23B1BD5E-E28A-4A00-BF77-AC747D235482}.Debug|Any CPU.Build.0 = Debug|Any CPU
		{23B1BD5E-E28A-4A00-BF77-AC747D235482}.Release|Any CPU.ActiveCfg = Release|Any CPU
		{23B1BD5E-E28A-4A00-BF77-AC747D235482}.Release|Any CPU.Build.0 = Release|Any CPU
		{2A346FA9-E20D-4074-B901-5566521540BA}.Debug|Any CPU.ActiveCfg = Debug|Any CPU
		{2A346FA9-E20D-4074-B901-5566521540BA}.Debug|Any CPU.Build.0 = Debug|Any CPU
		{2A346FA9-E20D-4074-B901-5566521540BA}.Release|Any CPU.ActiveCfg = Release|Any CPU
		{2A346FA9-E20D-4074-B901-5566521540BA}.Release|Any CPU.Build.0 = Release|Any CPU
		{57F28220-7DE3-4237-B8BE-19832FED54DC}.Debug|Any CPU.ActiveCfg = Debug|Any CPU
		{57F28220-7DE3-4237-B8BE-19832FED54DC}.Debug|Any CPU.Build.0 = Debug|Any CPU
		{57F28220-7DE3-4237-B8BE-19832FED54DC}.Release|Any CPU.ActiveCfg = Release|Any CPU
		{57F28220-7DE3-4237-B8BE-19832FED54DC}.Release|Any CPU.Build.0 = Release|Any CPU
		{0305BDEA-2905-4BF3-ABE9-C51F10A51E63}.Debug|Any CPU.ActiveCfg = Debug|Any CPU
		{0305BDEA-2905-4BF3-ABE9-C51F10A51E63}.Debug|Any CPU.Build.0 = Debug|Any CPU
		{0305BDEA-2905-4BF3-ABE9-C51F10A51E63}.Release|Any CPU.ActiveCfg = Release|Any CPU
		{0305BDEA-2905-4BF3-ABE9-C51F10A51E63}.Release|Any CPU.Build.0 = Release|Any CPU
		{5F2B7CF0-23DB-446C-BB6B-C96C0F019432}.Debug|Any CPU.ActiveCfg = Debug|Any CPU
		{5F2B7CF0-23DB-446C-BB6B-C96C0F019432}.Debug|Any CPU.Build.0 = Debug|Any CPU
		{5F2B7CF0-23DB-446C-BB6B-C96C0F019432}.Release|Any CPU.ActiveCfg = Release|Any CPU
		{5F2B7CF0-23DB-446C-BB6B-C96C0F019432}.Release|Any CPU.Build.0 = Release|Any CPU
		{AC42952E-1A5D-4BC3-9C47-4F38DB09193E}.Debug|Any CPU.ActiveCfg = Debug|Any CPU
		{AC42952E-1A5D-4BC3-9C47-4F38DB09193E}.Debug|Any CPU.Build.0 = Debug|Any CPU
		{AC42952E-1A5D-4BC3-9C47-4F38DB09193E}.Release|Any CPU.ActiveCfg = Release|Any CPU
		{AC42952E-1A5D-4BC3-9C47-4F38DB09193E}.Release|Any CPU.Build.0 = Release|Any CPU
		{C467D31F-8349-49B4-822C-9C51BDB8A166}.Debug|Any CPU.ActiveCfg = Debug|Any CPU
		{C467D31F-8349-49B4-822C-9C51BDB8A166}.Debug|Any CPU.Build.0 = Debug|Any CPU
		{C467D31F-8349-49B4-822C-9C51BDB8A166}.Release|Any CPU.ActiveCfg = Release|Any CPU
		{C467D31F-8349-49B4-822C-9C51BDB8A166}.Release|Any CPU.Build.0 = Release|Any CPU
		{70693E29-84C0-4857-A22B-30E144631338}.Debug|Any CPU.ActiveCfg = Debug|Any CPU
		{70693E29-84C0-4857-A22B-30E144631338}.Debug|Any CPU.Build.0 = Debug|Any CPU
		{70693E29-84C0-4857-A22B-30E144631338}.Release|Any CPU.ActiveCfg = Release|Any CPU
		{70693E29-84C0-4857-A22B-30E144631338}.Release|Any CPU.Build.0 = Release|Any CPU
		{9C174DC5-ECD9-442E-835B-6750E07EE0E5}.Debug|Any CPU.ActiveCfg = Debug|Any CPU
		{9C174DC5-ECD9-442E-835B-6750E07EE0E5}.Debug|Any CPU.Build.0 = Debug|Any CPU
		{9C174DC5-ECD9-442E-835B-6750E07EE0E5}.Release|Any CPU.ActiveCfg = Release|Any CPU
		{9C174DC5-ECD9-442E-835B-6750E07EE0E5}.Release|Any CPU.Build.0 = Release|Any CPU
		{BCD3FAA5-AE18-4E1D-9C79-63D8983834FF}.Debug|Any CPU.ActiveCfg = Debug|Any CPU
		{BCD3FAA5-AE18-4E1D-9C79-63D8983834FF}.Debug|Any CPU.Build.0 = Debug|Any CPU
		{BCD3FAA5-AE18-4E1D-9C79-63D8983834FF}.Release|Any CPU.ActiveCfg = Release|Any CPU
		{BCD3FAA5-AE18-4E1D-9C79-63D8983834FF}.Release|Any CPU.Build.0 = Release|Any CPU
		{83820B1E-45B3-49DE-8403-EA81CAD8409A}.Debug|Any CPU.ActiveCfg = Debug|Any CPU
		{83820B1E-45B3-49DE-8403-EA81CAD8409A}.Debug|Any CPU.Build.0 = Debug|Any CPU
		{83820B1E-45B3-49DE-8403-EA81CAD8409A}.Release|Any CPU.ActiveCfg = Release|Any CPU
		{83820B1E-45B3-49DE-8403-EA81CAD8409A}.Release|Any CPU.Build.0 = Release|Any CPU
		{A050F68E-C7CC-4EDC-803D-E3299B6427B7}.Debug|Any CPU.ActiveCfg = Debug|Any CPU
		{A050F68E-C7CC-4EDC-803D-E3299B6427B7}.Debug|Any CPU.Build.0 = Debug|Any CPU
		{A050F68E-C7CC-4EDC-803D-E3299B6427B7}.Release|Any CPU.ActiveCfg = Release|Any CPU
		{A050F68E-C7CC-4EDC-803D-E3299B6427B7}.Release|Any CPU.Build.0 = Release|Any CPU
		{E8E03CFF-5914-448F-876A-353065BE541C}.Debug|Any CPU.ActiveCfg = Debug|Any CPU
		{E8E03CFF-5914-448F-876A-353065BE541C}.Debug|Any CPU.Build.0 = Debug|Any CPU
		{E8E03CFF-5914-448F-876A-353065BE541C}.Release|Any CPU.ActiveCfg = Release|Any CPU
		{E8E03CFF-5914-448F-876A-353065BE541C}.Release|Any CPU.Build.0 = Release|Any CPU
		{DB648DAA-FF98-46E4-872C-FA39DE681CB9}.Debug|Any CPU.ActiveCfg = Debug|Any CPU
		{DB648DAA-FF98-46E4-872C-FA39DE681CB9}.Debug|Any CPU.Build.0 = Debug|Any CPU
		{DB648DAA-FF98-46E4-872C-FA39DE681CB9}.Release|Any CPU.ActiveCfg = Release|Any CPU
		{DB648DAA-FF98-46E4-872C-FA39DE681CB9}.Release|Any CPU.Build.0 = Release|Any CPU
		{4E15680A-CCCB-470B-B93B-0DEDD0081669}.Debug|Any CPU.ActiveCfg = Debug|Any CPU
		{4E15680A-CCCB-470B-B93B-0DEDD0081669}.Debug|Any CPU.Build.0 = Debug|Any CPU
		{4E15680A-CCCB-470B-B93B-0DEDD0081669}.Release|Any CPU.ActiveCfg = Release|Any CPU
		{4E15680A-CCCB-470B-B93B-0DEDD0081669}.Release|Any CPU.Build.0 = Release|Any CPU
		{11D38E01-73FD-4EAB-9620-652687790673}.Debug|Any CPU.ActiveCfg = Debug|Any CPU
		{11D38E01-73FD-4EAB-9620-652687790673}.Debug|Any CPU.Build.0 = Debug|Any CPU
		{11D38E01-73FD-4EAB-9620-652687790673}.Release|Any CPU.ActiveCfg = Release|Any CPU
		{11D38E01-73FD-4EAB-9620-652687790673}.Release|Any CPU.Build.0 = Release|Any CPU
		{07A369FE-B5E8-4E64-95E7-29B565F69054}.Debug|Any CPU.ActiveCfg = Debug|Any CPU
		{07A369FE-B5E8-4E64-95E7-29B565F69054}.Debug|Any CPU.Build.0 = Debug|Any CPU
		{07A369FE-B5E8-4E64-95E7-29B565F69054}.Release|Any CPU.ActiveCfg = Release|Any CPU
		{07A369FE-B5E8-4E64-95E7-29B565F69054}.Release|Any CPU.Build.0 = Release|Any CPU
		{5BE0ABAB-5A58-4CFA-AA87-EC4C9021554D}.Debug|Any CPU.ActiveCfg = Debug|Any CPU
		{5BE0ABAB-5A58-4CFA-AA87-EC4C9021554D}.Debug|Any CPU.Build.0 = Debug|Any CPU
		{5BE0ABAB-5A58-4CFA-AA87-EC4C9021554D}.Release|Any CPU.ActiveCfg = Release|Any CPU
		{5BE0ABAB-5A58-4CFA-AA87-EC4C9021554D}.Release|Any CPU.Build.0 = Release|Any CPU
		{42B14D2A-50FE-490F-B8F3-26881782A107}.Debug|Any CPU.ActiveCfg = Debug|Any CPU
		{42B14D2A-50FE-490F-B8F3-26881782A107}.Debug|Any CPU.Build.0 = Debug|Any CPU
		{42B14D2A-50FE-490F-B8F3-26881782A107}.Release|Any CPU.ActiveCfg = Release|Any CPU
		{42B14D2A-50FE-490F-B8F3-26881782A107}.Release|Any CPU.Build.0 = Release|Any CPU
		{1BE390E4-7448-43AA-83B2-0A6C67C8CCB8}.Debug|Any CPU.ActiveCfg = Debug|Any CPU
		{1BE390E4-7448-43AA-83B2-0A6C67C8CCB8}.Debug|Any CPU.Build.0 = Debug|Any CPU
		{1BE390E4-7448-43AA-83B2-0A6C67C8CCB8}.Release|Any CPU.ActiveCfg = Release|Any CPU
		{1BE390E4-7448-43AA-83B2-0A6C67C8CCB8}.Release|Any CPU.Build.0 = Release|Any CPU
		{B05CDE0C-27BB-4307-A961-4FF0E7C5D306}.Debug|Any CPU.ActiveCfg = Debug|Any CPU
		{B05CDE0C-27BB-4307-A961-4FF0E7C5D306}.Debug|Any CPU.Build.0 = Debug|Any CPU
		{B05CDE0C-27BB-4307-A961-4FF0E7C5D306}.Release|Any CPU.ActiveCfg = Release|Any CPU
		{B05CDE0C-27BB-4307-A961-4FF0E7C5D306}.Release|Any CPU.Build.0 = Release|Any CPU
		{D70EFBD7-3B8F-449A-96FE-0F0545F7C867}.Debug|Any CPU.ActiveCfg = Debug|Any CPU
		{D70EFBD7-3B8F-449A-96FE-0F0545F7C867}.Debug|Any CPU.Build.0 = Debug|Any CPU
		{D70EFBD7-3B8F-449A-96FE-0F0545F7C867}.Release|Any CPU.ActiveCfg = Release|Any CPU
		{D70EFBD7-3B8F-449A-96FE-0F0545F7C867}.Release|Any CPU.Build.0 = Release|Any CPU
		{4FBCE701-499D-483B-B7AE-B6B8C5E05BB4}.Debug|Any CPU.ActiveCfg = Debug|Any CPU
		{4FBCE701-499D-483B-B7AE-B6B8C5E05BB4}.Debug|Any CPU.Build.0 = Debug|Any CPU
		{4FBCE701-499D-483B-B7AE-B6B8C5E05BB4}.Release|Any CPU.ActiveCfg = Release|Any CPU
		{4FBCE701-499D-483B-B7AE-B6B8C5E05BB4}.Release|Any CPU.Build.0 = Release|Any CPU
		{AFEC047B-0397-41F8-B44B-29F01A957FF9}.Debug|Any CPU.ActiveCfg = Debug|Any CPU
		{AFEC047B-0397-41F8-B44B-29F01A957FF9}.Debug|Any CPU.Build.0 = Debug|Any CPU
		{AFEC047B-0397-41F8-B44B-29F01A957FF9}.Release|Any CPU.ActiveCfg = Release|Any CPU
		{AFEC047B-0397-41F8-B44B-29F01A957FF9}.Release|Any CPU.Build.0 = Release|Any CPU
		{2F765877-F756-4142-9769-49C0E3ABE8E6}.Debug|Any CPU.ActiveCfg = Debug|Any CPU
		{2F765877-F756-4142-9769-49C0E3ABE8E6}.Debug|Any CPU.Build.0 = Debug|Any CPU
		{2F765877-F756-4142-9769-49C0E3ABE8E6}.Release|Any CPU.ActiveCfg = Release|Any CPU
		{2F765877-F756-4142-9769-49C0E3ABE8E6}.Release|Any CPU.Build.0 = Release|Any CPU
		{62B099D8-309D-4A36-8AC0-EE415C42CBD6}.Debug|Any CPU.ActiveCfg = Debug|Any CPU
		{62B099D8-309D-4A36-8AC0-EE415C42CBD6}.Debug|Any CPU.Build.0 = Debug|Any CPU
		{62B099D8-309D-4A36-8AC0-EE415C42CBD6}.Release|Any CPU.ActiveCfg = Release|Any CPU
		{62B099D8-309D-4A36-8AC0-EE415C42CBD6}.Release|Any CPU.Build.0 = Release|Any CPU
		{1971C022-9174-4DE8-ADB2-624719D0C545}.Debug|Any CPU.ActiveCfg = Debug|Any CPU
		{1971C022-9174-4DE8-ADB2-624719D0C545}.Debug|Any CPU.Build.0 = Debug|Any CPU
		{1971C022-9174-4DE8-ADB2-624719D0C545}.Release|Any CPU.ActiveCfg = Release|Any CPU
		{1971C022-9174-4DE8-ADB2-624719D0C545}.Release|Any CPU.Build.0 = Release|Any CPU
		{EE6A9C16-4803-4365-B4AA-DC7F19015513}.Debug|Any CPU.ActiveCfg = Debug|Any CPU
		{EE6A9C16-4803-4365-B4AA-DC7F19015513}.Debug|Any CPU.Build.0 = Debug|Any CPU
		{EE6A9C16-4803-4365-B4AA-DC7F19015513}.Release|Any CPU.ActiveCfg = Release|Any CPU
		{EE6A9C16-4803-4365-B4AA-DC7F19015513}.Release|Any CPU.Build.0 = Release|Any CPU
		{6357C26B-F35C-49BA-A015-12695CCA0D5F}.Debug|Any CPU.ActiveCfg = Debug|Any CPU
		{6357C26B-F35C-49BA-A015-12695CCA0D5F}.Debug|Any CPU.Build.0 = Debug|Any CPU
		{6357C26B-F35C-49BA-A015-12695CCA0D5F}.Release|Any CPU.ActiveCfg = Release|Any CPU
		{6357C26B-F35C-49BA-A015-12695CCA0D5F}.Release|Any CPU.Build.0 = Release|Any CPU
		{94AB83E4-CD91-40CC-A42D-F5CA44D56F33}.Debug|Any CPU.ActiveCfg = Debug|Any CPU
		{94AB83E4-CD91-40CC-A42D-F5CA44D56F33}.Debug|Any CPU.Build.0 = Debug|Any CPU
		{94AB83E4-CD91-40CC-A42D-F5CA44D56F33}.Release|Any CPU.ActiveCfg = Release|Any CPU
		{94AB83E4-CD91-40CC-A42D-F5CA44D56F33}.Release|Any CPU.Build.0 = Release|Any CPU
		{54C73A6C-B3DA-4C5A-9A61-09C38DE994AF}.Debug|Any CPU.ActiveCfg = Debug|Any CPU
		{54C73A6C-B3DA-4C5A-9A61-09C38DE994AF}.Debug|Any CPU.Build.0 = Debug|Any CPU
		{54C73A6C-B3DA-4C5A-9A61-09C38DE994AF}.Release|Any CPU.ActiveCfg = Release|Any CPU
		{54C73A6C-B3DA-4C5A-9A61-09C38DE994AF}.Release|Any CPU.Build.0 = Release|Any CPU
		{0CB23BEF-7AB2-42E7-81A1-74F1F2ED6ADF}.Debug|Any CPU.ActiveCfg = Debug|Any CPU
		{0CB23BEF-7AB2-42E7-81A1-74F1F2ED6ADF}.Debug|Any CPU.Build.0 = Debug|Any CPU
		{0CB23BEF-7AB2-42E7-81A1-74F1F2ED6ADF}.Release|Any CPU.ActiveCfg = Release|Any CPU
		{0CB23BEF-7AB2-42E7-81A1-74F1F2ED6ADF}.Release|Any CPU.Build.0 = Release|Any CPU
		{011C5034-B8B7-4AD8-B6B9-AF645D4A8C4D}.Debug|Any CPU.ActiveCfg = Debug|Any CPU
		{011C5034-B8B7-4AD8-B6B9-AF645D4A8C4D}.Debug|Any CPU.Build.0 = Debug|Any CPU
		{011C5034-B8B7-4AD8-B6B9-AF645D4A8C4D}.Release|Any CPU.ActiveCfg = Release|Any CPU
		{011C5034-B8B7-4AD8-B6B9-AF645D4A8C4D}.Release|Any CPU.Build.0 = Release|Any CPU
		{F5D8E57D-F9B6-4FD3-893D-8C11C3982BA8}.Debug|Any CPU.ActiveCfg = Debug|Any CPU
		{F5D8E57D-F9B6-4FD3-893D-8C11C3982BA8}.Debug|Any CPU.Build.0 = Debug|Any CPU
		{F5D8E57D-F9B6-4FD3-893D-8C11C3982BA8}.Release|Any CPU.ActiveCfg = Release|Any CPU
		{F5D8E57D-F9B6-4FD3-893D-8C11C3982BA8}.Release|Any CPU.Build.0 = Release|Any CPU
		{A38267C6-06E6-498C-A882-B47AFD14463A}.Debug|Any CPU.ActiveCfg = Debug|Any CPU
		{A38267C6-06E6-498C-A882-B47AFD14463A}.Debug|Any CPU.Build.0 = Debug|Any CPU
		{A38267C6-06E6-498C-A882-B47AFD14463A}.Release|Any CPU.ActiveCfg = Release|Any CPU
		{A38267C6-06E6-498C-A882-B47AFD14463A}.Release|Any CPU.Build.0 = Release|Any CPU
		{B2CB69F4-5A04-4F83-A08C-018D111493A7}.Debug|Any CPU.ActiveCfg = Debug|Any CPU
		{B2CB69F4-5A04-4F83-A08C-018D111493A7}.Debug|Any CPU.Build.0 = Debug|Any CPU
		{B2CB69F4-5A04-4F83-A08C-018D111493A7}.Release|Any CPU.ActiveCfg = Release|Any CPU
		{B2CB69F4-5A04-4F83-A08C-018D111493A7}.Release|Any CPU.Build.0 = Release|Any CPU
		{0DD8B0BF-698F-426C-A2EF-C7019094972A}.Debug|Any CPU.ActiveCfg = Debug|Any CPU
		{0DD8B0BF-698F-426C-A2EF-C7019094972A}.Debug|Any CPU.Build.0 = Debug|Any CPU
		{0DD8B0BF-698F-426C-A2EF-C7019094972A}.Release|Any CPU.ActiveCfg = Release|Any CPU
		{0DD8B0BF-698F-426C-A2EF-C7019094972A}.Release|Any CPU.Build.0 = Release|Any CPU
		{1EEEAD98-7C27-48D3-8FC4-90F3687C685E}.Debug|Any CPU.ActiveCfg = Debug|Any CPU
		{1EEEAD98-7C27-48D3-8FC4-90F3687C685E}.Debug|Any CPU.Build.0 = Debug|Any CPU
		{1EEEAD98-7C27-48D3-8FC4-90F3687C685E}.Release|Any CPU.ActiveCfg = Release|Any CPU
		{1EEEAD98-7C27-48D3-8FC4-90F3687C685E}.Release|Any CPU.Build.0 = Release|Any CPU
		{D24A2B1A-FDD0-43A5-9CFA-8A3F409B97E0}.Debug|Any CPU.ActiveCfg = Debug|Any CPU
		{D24A2B1A-FDD0-43A5-9CFA-8A3F409B97E0}.Debug|Any CPU.Build.0 = Debug|Any CPU
		{D24A2B1A-FDD0-43A5-9CFA-8A3F409B97E0}.Release|Any CPU.ActiveCfg = Release|Any CPU
		{D24A2B1A-FDD0-43A5-9CFA-8A3F409B97E0}.Release|Any CPU.Build.0 = Release|Any CPU
		{09718C80-910C-4498-8F46-010B957E10FC}.Debug|Any CPU.ActiveCfg = Debug|Any CPU
		{09718C80-910C-4498-8F46-010B957E10FC}.Debug|Any CPU.Build.0 = Debug|Any CPU
		{09718C80-910C-4498-8F46-010B957E10FC}.Release|Any CPU.ActiveCfg = Release|Any CPU
		{09718C80-910C-4498-8F46-010B957E10FC}.Release|Any CPU.Build.0 = Release|Any CPU
		{BAAEF51E-80C9-4DF4-BAFF-63715EEBE33E}.Debug|Any CPU.ActiveCfg = Debug|Any CPU
		{BAAEF51E-80C9-4DF4-BAFF-63715EEBE33E}.Debug|Any CPU.Build.0 = Debug|Any CPU
		{BAAEF51E-80C9-4DF4-BAFF-63715EEBE33E}.Release|Any CPU.ActiveCfg = Release|Any CPU
		{BAAEF51E-80C9-4DF4-BAFF-63715EEBE33E}.Release|Any CPU.Build.0 = Release|Any CPU
		{5E7DD82B-95FF-46A8-AA79-4C3FB9177A23}.Debug|Any CPU.ActiveCfg = Debug|Any CPU
		{5E7DD82B-95FF-46A8-AA79-4C3FB9177A23}.Debug|Any CPU.Build.0 = Debug|Any CPU
		{5E7DD82B-95FF-46A8-AA79-4C3FB9177A23}.Release|Any CPU.ActiveCfg = Release|Any CPU
		{5E7DD82B-95FF-46A8-AA79-4C3FB9177A23}.Release|Any CPU.Build.0 = Release|Any CPU
		{1426F668-B557-49FF-9720-2BEEE9B32A51}.Debug|Any CPU.ActiveCfg = Debug|Any CPU
		{1426F668-B557-49FF-9720-2BEEE9B32A51}.Debug|Any CPU.Build.0 = Debug|Any CPU
		{1426F668-B557-49FF-9720-2BEEE9B32A51}.Release|Any CPU.ActiveCfg = Release|Any CPU
		{1426F668-B557-49FF-9720-2BEEE9B32A51}.Release|Any CPU.Build.0 = Release|Any CPU
		{74573264-E177-4B79-B11C-B1A79E672AC5}.Debug|Any CPU.ActiveCfg = Debug|Any CPU
		{74573264-E177-4B79-B11C-B1A79E672AC5}.Debug|Any CPU.Build.0 = Debug|Any CPU
		{74573264-E177-4B79-B11C-B1A79E672AC5}.Release|Any CPU.ActiveCfg = Release|Any CPU
		{74573264-E177-4B79-B11C-B1A79E672AC5}.Release|Any CPU.Build.0 = Release|Any CPU
		{80A0D92D-C8E5-4F0C-8CEF-FC2006156B61}.Debug|Any CPU.ActiveCfg = Debug|Any CPU
		{80A0D92D-C8E5-4F0C-8CEF-FC2006156B61}.Debug|Any CPU.Build.0 = Debug|Any CPU
		{80A0D92D-C8E5-4F0C-8CEF-FC2006156B61}.Release|Any CPU.ActiveCfg = Release|Any CPU
		{80A0D92D-C8E5-4F0C-8CEF-FC2006156B61}.Release|Any CPU.Build.0 = Release|Any CPU
		{D1D0D7FC-8148-47BE-8F72-6C343B6612A6}.Debug|Any CPU.ActiveCfg = Debug|Any CPU
		{D1D0D7FC-8148-47BE-8F72-6C343B6612A6}.Debug|Any CPU.Build.0 = Debug|Any CPU
		{D1D0D7FC-8148-47BE-8F72-6C343B6612A6}.Release|Any CPU.ActiveCfg = Release|Any CPU
		{D1D0D7FC-8148-47BE-8F72-6C343B6612A6}.Release|Any CPU.Build.0 = Release|Any CPU
		{1FBAEE5F-531E-4C85-AEE7-4BDC0B14033D}.Debug|Any CPU.ActiveCfg = Debug|Any CPU
		{1FBAEE5F-531E-4C85-AEE7-4BDC0B14033D}.Debug|Any CPU.Build.0 = Debug|Any CPU
		{1FBAEE5F-531E-4C85-AEE7-4BDC0B14033D}.Release|Any CPU.ActiveCfg = Release|Any CPU
		{1FBAEE5F-531E-4C85-AEE7-4BDC0B14033D}.Release|Any CPU.Build.0 = Release|Any CPU
		{2C438455-C0AB-403A-A1B9-DA2CDC99FF12}.Debug|Any CPU.ActiveCfg = Debug|Any CPU
		{2C438455-C0AB-403A-A1B9-DA2CDC99FF12}.Debug|Any CPU.Build.0 = Debug|Any CPU
		{2C438455-C0AB-403A-A1B9-DA2CDC99FF12}.Release|Any CPU.ActiveCfg = Release|Any CPU
		{2C438455-C0AB-403A-A1B9-DA2CDC99FF12}.Release|Any CPU.Build.0 = Release|Any CPU
		{10B97CB6-8DAF-4D0B-A9B8-34A89B6F7E8B}.Debug|Any CPU.ActiveCfg = Debug|Any CPU
		{10B97CB6-8DAF-4D0B-A9B8-34A89B6F7E8B}.Debug|Any CPU.Build.0 = Debug|Any CPU
		{10B97CB6-8DAF-4D0B-A9B8-34A89B6F7E8B}.Release|Any CPU.ActiveCfg = Release|Any CPU
		{10B97CB6-8DAF-4D0B-A9B8-34A89B6F7E8B}.Release|Any CPU.Build.0 = Release|Any CPU
		{CA10ACCB-82DE-4593-98C8-282744DE60C0}.Debug|Any CPU.ActiveCfg = Debug|Any CPU
		{CA10ACCB-82DE-4593-98C8-282744DE60C0}.Debug|Any CPU.Build.0 = Debug|Any CPU
		{CA10ACCB-82DE-4593-98C8-282744DE60C0}.Release|Any CPU.ActiveCfg = Release|Any CPU
		{CA10ACCB-82DE-4593-98C8-282744DE60C0}.Release|Any CPU.Build.0 = Release|Any CPU
		{03442C89-6A8A-4744-A4BE-7B68DAE5355F}.Debug|Any CPU.ActiveCfg = Debug|Any CPU
		{03442C89-6A8A-4744-A4BE-7B68DAE5355F}.Debug|Any CPU.Build.0 = Debug|Any CPU
		{03442C89-6A8A-4744-A4BE-7B68DAE5355F}.Release|Any CPU.ActiveCfg = Release|Any CPU
		{03442C89-6A8A-4744-A4BE-7B68DAE5355F}.Release|Any CPU.Build.0 = Release|Any CPU
		{A90639F0-D353-4CBC-9CA2-E0340557FDC9}.Debug|Any CPU.ActiveCfg = Debug|Any CPU
		{A90639F0-D353-4CBC-9CA2-E0340557FDC9}.Debug|Any CPU.Build.0 = Debug|Any CPU
		{A90639F0-D353-4CBC-9CA2-E0340557FDC9}.Release|Any CPU.ActiveCfg = Release|Any CPU
		{A90639F0-D353-4CBC-9CA2-E0340557FDC9}.Release|Any CPU.Build.0 = Release|Any CPU
		{7DC4FB6B-C7E9-45C0-8B13-EB18543AED95}.Debug|Any CPU.ActiveCfg = Debug|Any CPU
		{7DC4FB6B-C7E9-45C0-8B13-EB18543AED95}.Debug|Any CPU.Build.0 = Debug|Any CPU
		{7DC4FB6B-C7E9-45C0-8B13-EB18543AED95}.Release|Any CPU.ActiveCfg = Release|Any CPU
		{7DC4FB6B-C7E9-45C0-8B13-EB18543AED95}.Release|Any CPU.Build.0 = Release|Any CPU
		{B6479409-343D-40E9-B8AE-180660DA2FE8}.Debug|Any CPU.ActiveCfg = Debug|Any CPU
		{B6479409-343D-40E9-B8AE-180660DA2FE8}.Debug|Any CPU.Build.0 = Debug|Any CPU
		{B6479409-343D-40E9-B8AE-180660DA2FE8}.Release|Any CPU.ActiveCfg = Release|Any CPU
		{B6479409-343D-40E9-B8AE-180660DA2FE8}.Release|Any CPU.Build.0 = Release|Any CPU
		{D7E2D7AF-B37F-4B40-83E0-72300422AECE}.Debug|Any CPU.ActiveCfg = Debug|Any CPU
		{D7E2D7AF-B37F-4B40-83E0-72300422AECE}.Debug|Any CPU.Build.0 = Debug|Any CPU
		{D7E2D7AF-B37F-4B40-83E0-72300422AECE}.Release|Any CPU.ActiveCfg = Release|Any CPU
		{D7E2D7AF-B37F-4B40-83E0-72300422AECE}.Release|Any CPU.Build.0 = Release|Any CPU
		{C479BE1B-059E-48DF-9730-EE22B2A69DD5}.Debug|Any CPU.ActiveCfg = Debug|Any CPU
		{C479BE1B-059E-48DF-9730-EE22B2A69DD5}.Debug|Any CPU.Build.0 = Debug|Any CPU
		{C479BE1B-059E-48DF-9730-EE22B2A69DD5}.Release|Any CPU.ActiveCfg = Release|Any CPU
		{C479BE1B-059E-48DF-9730-EE22B2A69DD5}.Release|Any CPU.Build.0 = Release|Any CPU
		{04D1E331-EBCB-4628-BAFB-432356B5B471}.Debug|Any CPU.ActiveCfg = Debug|Any CPU
		{04D1E331-EBCB-4628-BAFB-432356B5B471}.Debug|Any CPU.Build.0 = Debug|Any CPU
		{04D1E331-EBCB-4628-BAFB-432356B5B471}.Release|Any CPU.ActiveCfg = Release|Any CPU
		{04D1E331-EBCB-4628-BAFB-432356B5B471}.Release|Any CPU.Build.0 = Release|Any CPU
		{2028F09B-DC11-4B23-AA6B-DBA97AA76BD9}.Debug|Any CPU.ActiveCfg = Debug|Any CPU
		{2028F09B-DC11-4B23-AA6B-DBA97AA76BD9}.Debug|Any CPU.Build.0 = Debug|Any CPU
		{2028F09B-DC11-4B23-AA6B-DBA97AA76BD9}.Release|Any CPU.ActiveCfg = Release|Any CPU
		{2028F09B-DC11-4B23-AA6B-DBA97AA76BD9}.Release|Any CPU.Build.0 = Release|Any CPU
		{52AA533C-6606-4F67-9554-56AB49174EEF}.Debug|Any CPU.ActiveCfg = Debug|Any CPU
		{52AA533C-6606-4F67-9554-56AB49174EEF}.Debug|Any CPU.Build.0 = Debug|Any CPU
		{52AA533C-6606-4F67-9554-56AB49174EEF}.Release|Any CPU.ActiveCfg = Release|Any CPU
		{52AA533C-6606-4F67-9554-56AB49174EEF}.Release|Any CPU.Build.0 = Release|Any CPU
		{5034F5AD-133A-4192-8693-EF064773147F}.Debug|Any CPU.ActiveCfg = Debug|Any CPU
		{5034F5AD-133A-4192-8693-EF064773147F}.Debug|Any CPU.Build.0 = Debug|Any CPU
		{5034F5AD-133A-4192-8693-EF064773147F}.Release|Any CPU.ActiveCfg = Release|Any CPU
		{5034F5AD-133A-4192-8693-EF064773147F}.Release|Any CPU.Build.0 = Release|Any CPU
		{FDD271B7-D657-480F-80EB-A2B4922B8058}.Debug|Any CPU.ActiveCfg = Debug|Any CPU
		{FDD271B7-D657-480F-80EB-A2B4922B8058}.Debug|Any CPU.Build.0 = Debug|Any CPU
		{FDD271B7-D657-480F-80EB-A2B4922B8058}.Release|Any CPU.ActiveCfg = Release|Any CPU
		{FDD271B7-D657-480F-80EB-A2B4922B8058}.Release|Any CPU.Build.0 = Release|Any CPU
		{96C33296-C92E-440A-9BF4-32E72272FA23}.Debug|Any CPU.ActiveCfg = Debug|Any CPU
		{96C33296-C92E-440A-9BF4-32E72272FA23}.Debug|Any CPU.Build.0 = Debug|Any CPU
		{96C33296-C92E-440A-9BF4-32E72272FA23}.Release|Any CPU.ActiveCfg = Release|Any CPU
		{96C33296-C92E-440A-9BF4-32E72272FA23}.Release|Any CPU.Build.0 = Release|Any CPU
		{87623382-C8B8-48A9-B870-792A7A9BEFE6}.Debug|Any CPU.ActiveCfg = Debug|Any CPU
		{87623382-C8B8-48A9-B870-792A7A9BEFE6}.Debug|Any CPU.Build.0 = Debug|Any CPU
		{87623382-C8B8-48A9-B870-792A7A9BEFE6}.Release|Any CPU.ActiveCfg = Release|Any CPU
		{87623382-C8B8-48A9-B870-792A7A9BEFE6}.Release|Any CPU.Build.0 = Release|Any CPU
		{75BE8865-9F6C-487B-BB6E-33AE4161C3E5}.Debug|Any CPU.ActiveCfg = Debug|Any CPU
		{75BE8865-9F6C-487B-BB6E-33AE4161C3E5}.Debug|Any CPU.Build.0 = Debug|Any CPU
		{75BE8865-9F6C-487B-BB6E-33AE4161C3E5}.Release|Any CPU.ActiveCfg = Release|Any CPU
		{75BE8865-9F6C-487B-BB6E-33AE4161C3E5}.Release|Any CPU.Build.0 = Release|Any CPU
		{36998264-8ABE-47E9-8482-B3A2A10818B8}.Debug|Any CPU.ActiveCfg = Debug|Any CPU
		{36998264-8ABE-47E9-8482-B3A2A10818B8}.Debug|Any CPU.Build.0 = Debug|Any CPU
		{36998264-8ABE-47E9-8482-B3A2A10818B8}.Release|Any CPU.ActiveCfg = Release|Any CPU
		{36998264-8ABE-47E9-8482-B3A2A10818B8}.Release|Any CPU.Build.0 = Release|Any CPU
		{2F2FA209-44FA-4301-9C4B-659E8E2DD35A}.Debug|Any CPU.ActiveCfg = Debug|Any CPU
		{2F2FA209-44FA-4301-9C4B-659E8E2DD35A}.Debug|Any CPU.Build.0 = Debug|Any CPU
		{2F2FA209-44FA-4301-9C4B-659E8E2DD35A}.Release|Any CPU.ActiveCfg = Release|Any CPU
		{2F2FA209-44FA-4301-9C4B-659E8E2DD35A}.Release|Any CPU.Build.0 = Release|Any CPU
		{C3C0C09F-AB94-4367-8A07-C51D2E62D3B4}.Debug|Any CPU.ActiveCfg = Debug|Any CPU
		{C3C0C09F-AB94-4367-8A07-C51D2E62D3B4}.Debug|Any CPU.Build.0 = Debug|Any CPU
		{C3C0C09F-AB94-4367-8A07-C51D2E62D3B4}.Release|Any CPU.ActiveCfg = Release|Any CPU
		{C3C0C09F-AB94-4367-8A07-C51D2E62D3B4}.Release|Any CPU.Build.0 = Release|Any CPU
		{4A304297-2B8A-4058-86CB-B259DC902E86}.Debug|Any CPU.ActiveCfg = Debug|Any CPU
		{4A304297-2B8A-4058-86CB-B259DC902E86}.Debug|Any CPU.Build.0 = Debug|Any CPU
		{4A304297-2B8A-4058-86CB-B259DC902E86}.Release|Any CPU.ActiveCfg = Release|Any CPU
		{4A304297-2B8A-4058-86CB-B259DC902E86}.Release|Any CPU.Build.0 = Release|Any CPU
		{56FBB00E-2652-4250-BE69-23AE7C07C09C}.Debug|Any CPU.ActiveCfg = Debug|Any CPU
		{56FBB00E-2652-4250-BE69-23AE7C07C09C}.Debug|Any CPU.Build.0 = Debug|Any CPU
		{56FBB00E-2652-4250-BE69-23AE7C07C09C}.Release|Any CPU.ActiveCfg = Release|Any CPU
		{56FBB00E-2652-4250-BE69-23AE7C07C09C}.Release|Any CPU.Build.0 = Release|Any CPU
		{737AA3C4-5B4C-45A7-9EA3-7994864D5025}.Debug|Any CPU.ActiveCfg = Debug|Any CPU
		{737AA3C4-5B4C-45A7-9EA3-7994864D5025}.Debug|Any CPU.Build.0 = Debug|Any CPU
		{737AA3C4-5B4C-45A7-9EA3-7994864D5025}.Release|Any CPU.ActiveCfg = Release|Any CPU
		{737AA3C4-5B4C-45A7-9EA3-7994864D5025}.Release|Any CPU.Build.0 = Release|Any CPU
		{986CCA80-62B5-47C0-93C2-9F3F6A898132}.Debug|Any CPU.ActiveCfg = Debug|Any CPU
		{986CCA80-62B5-47C0-93C2-9F3F6A898132}.Debug|Any CPU.Build.0 = Debug|Any CPU
		{986CCA80-62B5-47C0-93C2-9F3F6A898132}.Release|Any CPU.ActiveCfg = Release|Any CPU
		{986CCA80-62B5-47C0-93C2-9F3F6A898132}.Release|Any CPU.Build.0 = Release|Any CPU
		{C50E74D6-A31E-4AEA-A7AF-7A64B43EBCEE}.Debug|Any CPU.ActiveCfg = Debug|Any CPU
		{C50E74D6-A31E-4AEA-A7AF-7A64B43EBCEE}.Debug|Any CPU.Build.0 = Debug|Any CPU
		{C50E74D6-A31E-4AEA-A7AF-7A64B43EBCEE}.Release|Any CPU.ActiveCfg = Release|Any CPU
		{C50E74D6-A31E-4AEA-A7AF-7A64B43EBCEE}.Release|Any CPU.Build.0 = Release|Any CPU
		{B82010A8-B1D3-4B52-B4EA-05A08B80CFFB}.Debug|Any CPU.ActiveCfg = Debug|Any CPU
		{B82010A8-B1D3-4B52-B4EA-05A08B80CFFB}.Debug|Any CPU.Build.0 = Debug|Any CPU
		{B82010A8-B1D3-4B52-B4EA-05A08B80CFFB}.Release|Any CPU.ActiveCfg = Release|Any CPU
		{B82010A8-B1D3-4B52-B4EA-05A08B80CFFB}.Release|Any CPU.Build.0 = Release|Any CPU
		{73F4C911-4467-436D-9350-7236C830367B}.Debug|Any CPU.ActiveCfg = Debug|Any CPU
		{73F4C911-4467-436D-9350-7236C830367B}.Debug|Any CPU.Build.0 = Debug|Any CPU
		{73F4C911-4467-436D-9350-7236C830367B}.Release|Any CPU.ActiveCfg = Release|Any CPU
		{73F4C911-4467-436D-9350-7236C830367B}.Release|Any CPU.Build.0 = Release|Any CPU
		{E95B4E77-B6C0-4981-9F27-5CE083B0F5F4}.Debug|Any CPU.ActiveCfg = Debug|Any CPU
		{E95B4E77-B6C0-4981-9F27-5CE083B0F5F4}.Debug|Any CPU.Build.0 = Debug|Any CPU
		{E95B4E77-B6C0-4981-9F27-5CE083B0F5F4}.Release|Any CPU.ActiveCfg = Release|Any CPU
		{E95B4E77-B6C0-4981-9F27-5CE083B0F5F4}.Release|Any CPU.Build.0 = Release|Any CPU
		{6C82AC8D-7DFF-4D4D-AD7A-6CA506305EB5}.Debug|Any CPU.ActiveCfg = Debug|Any CPU
		{6C82AC8D-7DFF-4D4D-AD7A-6CA506305EB5}.Debug|Any CPU.Build.0 = Debug|Any CPU
		{6C82AC8D-7DFF-4D4D-AD7A-6CA506305EB5}.Release|Any CPU.ActiveCfg = Release|Any CPU
		{6C82AC8D-7DFF-4D4D-AD7A-6CA506305EB5}.Release|Any CPU.Build.0 = Release|Any CPU
		{EC1D8795-4C7A-4C35-89BB-D29D99D3CE51}.Debug|Any CPU.ActiveCfg = Debug|Any CPU
		{EC1D8795-4C7A-4C35-89BB-D29D99D3CE51}.Debug|Any CPU.Build.0 = Debug|Any CPU
		{EC1D8795-4C7A-4C35-89BB-D29D99D3CE51}.Release|Any CPU.ActiveCfg = Release|Any CPU
		{EC1D8795-4C7A-4C35-89BB-D29D99D3CE51}.Release|Any CPU.Build.0 = Release|Any CPU
		{991E19CA-ADBE-41CD-867A-195799B73866}.Debug|Any CPU.ActiveCfg = Debug|Any CPU
		{991E19CA-ADBE-41CD-867A-195799B73866}.Debug|Any CPU.Build.0 = Debug|Any CPU
		{991E19CA-ADBE-41CD-867A-195799B73866}.Release|Any CPU.ActiveCfg = Release|Any CPU
		{991E19CA-ADBE-41CD-867A-195799B73866}.Release|Any CPU.Build.0 = Release|Any CPU
		{7ABAD9CE-B76A-4EE3-8F93-8FE8CE949B02}.Debug|Any CPU.ActiveCfg = Debug|Any CPU
		{7ABAD9CE-B76A-4EE3-8F93-8FE8CE949B02}.Debug|Any CPU.Build.0 = Debug|Any CPU
		{7ABAD9CE-B76A-4EE3-8F93-8FE8CE949B02}.Release|Any CPU.ActiveCfg = Release|Any CPU
		{7ABAD9CE-B76A-4EE3-8F93-8FE8CE949B02}.Release|Any CPU.Build.0 = Release|Any CPU
		{7575EAE2-8CCA-45DD-90B5-6A5FFE1C7878}.Debug|Any CPU.ActiveCfg = Debug|Any CPU
		{7575EAE2-8CCA-45DD-90B5-6A5FFE1C7878}.Debug|Any CPU.Build.0 = Debug|Any CPU
		{7575EAE2-8CCA-45DD-90B5-6A5FFE1C7878}.Release|Any CPU.ActiveCfg = Release|Any CPU
		{7575EAE2-8CCA-45DD-90B5-6A5FFE1C7878}.Release|Any CPU.Build.0 = Release|Any CPU
		{3C3642C0-E512-4ED4-89AC-783256DE6149}.Debug|Any CPU.ActiveCfg = Debug|Any CPU
		{3C3642C0-E512-4ED4-89AC-783256DE6149}.Debug|Any CPU.Build.0 = Debug|Any CPU
		{3C3642C0-E512-4ED4-89AC-783256DE6149}.Release|Any CPU.ActiveCfg = Release|Any CPU
		{3C3642C0-E512-4ED4-89AC-783256DE6149}.Release|Any CPU.Build.0 = Release|Any CPU
		{5AF42474-BE6F-40F4-8CF0-80F146A07CDF}.Debug|Any CPU.ActiveCfg = Debug|Any CPU
		{5AF42474-BE6F-40F4-8CF0-80F146A07CDF}.Debug|Any CPU.Build.0 = Debug|Any CPU
		{5AF42474-BE6F-40F4-8CF0-80F146A07CDF}.Release|Any CPU.ActiveCfg = Release|Any CPU
		{5AF42474-BE6F-40F4-8CF0-80F146A07CDF}.Release|Any CPU.Build.0 = Release|Any CPU
		{739B2FE6-A13B-4D7F-9A9F-EAD0D4966C1F}.Debug|Any CPU.ActiveCfg = Debug|Any CPU
		{739B2FE6-A13B-4D7F-9A9F-EAD0D4966C1F}.Debug|Any CPU.Build.0 = Debug|Any CPU
		{739B2FE6-A13B-4D7F-9A9F-EAD0D4966C1F}.Release|Any CPU.ActiveCfg = Release|Any CPU
		{739B2FE6-A13B-4D7F-9A9F-EAD0D4966C1F}.Release|Any CPU.Build.0 = Release|Any CPU
		{92386CD7-C920-4ECE-926A-653FB2CC4574}.Debug|Any CPU.ActiveCfg = Debug|Any CPU
		{92386CD7-C920-4ECE-926A-653FB2CC4574}.Debug|Any CPU.Build.0 = Debug|Any CPU
		{92386CD7-C920-4ECE-926A-653FB2CC4574}.Release|Any CPU.ActiveCfg = Release|Any CPU
		{92386CD7-C920-4ECE-926A-653FB2CC4574}.Release|Any CPU.Build.0 = Release|Any CPU
		{A118AFD2-EEF7-4AE7-8D04-438850E21FD1}.Debug|Any CPU.ActiveCfg = Debug|Any CPU
		{A118AFD2-EEF7-4AE7-8D04-438850E21FD1}.Debug|Any CPU.Build.0 = Debug|Any CPU
		{A118AFD2-EEF7-4AE7-8D04-438850E21FD1}.Release|Any CPU.ActiveCfg = Release|Any CPU
		{A118AFD2-EEF7-4AE7-8D04-438850E21FD1}.Release|Any CPU.Build.0 = Release|Any CPU
		{F44361F0-279A-4503-B42F-1F3289F1F961}.Debug|Any CPU.ActiveCfg = Debug|Any CPU
		{F44361F0-279A-4503-B42F-1F3289F1F961}.Debug|Any CPU.Build.0 = Debug|Any CPU
		{F44361F0-279A-4503-B42F-1F3289F1F961}.Release|Any CPU.ActiveCfg = Release|Any CPU
		{F44361F0-279A-4503-B42F-1F3289F1F961}.Release|Any CPU.Build.0 = Release|Any CPU
		{2063C240-C109-499F-BA05-2552BB49D2BD}.Debug|Any CPU.ActiveCfg = Debug|Any CPU
		{2063C240-C109-499F-BA05-2552BB49D2BD}.Debug|Any CPU.Build.0 = Debug|Any CPU
		{2063C240-C109-499F-BA05-2552BB49D2BD}.Release|Any CPU.ActiveCfg = Release|Any CPU
		{2063C240-C109-499F-BA05-2552BB49D2BD}.Release|Any CPU.Build.0 = Release|Any CPU
		{719C393F-63D8-41BA-BC7D-7AAE0A9AB0C0}.Debug|Any CPU.ActiveCfg = Debug|Any CPU
		{719C393F-63D8-41BA-BC7D-7AAE0A9AB0C0}.Debug|Any CPU.Build.0 = Debug|Any CPU
		{719C393F-63D8-41BA-BC7D-7AAE0A9AB0C0}.Release|Any CPU.ActiveCfg = Release|Any CPU
		{719C393F-63D8-41BA-BC7D-7AAE0A9AB0C0}.Release|Any CPU.Build.0 = Release|Any CPU
		{A5E993C3-80C4-4861-907C-73265C06CBA0}.Debug|Any CPU.ActiveCfg = Debug|Any CPU
		{A5E993C3-80C4-4861-907C-73265C06CBA0}.Debug|Any CPU.Build.0 = Debug|Any CPU
		{A5E993C3-80C4-4861-907C-73265C06CBA0}.Release|Any CPU.ActiveCfg = Release|Any CPU
		{A5E993C3-80C4-4861-907C-73265C06CBA0}.Release|Any CPU.Build.0 = Release|Any CPU
		{139882CD-5D0D-4B4B-810C-1384C67788F9}.Debug|Any CPU.ActiveCfg = Debug|Any CPU
		{139882CD-5D0D-4B4B-810C-1384C67788F9}.Debug|Any CPU.Build.0 = Debug|Any CPU
		{139882CD-5D0D-4B4B-810C-1384C67788F9}.Release|Any CPU.ActiveCfg = Release|Any CPU
		{139882CD-5D0D-4B4B-810C-1384C67788F9}.Release|Any CPU.Build.0 = Release|Any CPU
		{ED345081-4D84-46C4-A8A7-D113D060BAFD}.Debug|Any CPU.ActiveCfg = Debug|Any CPU
		{ED345081-4D84-46C4-A8A7-D113D060BAFD}.Debug|Any CPU.Build.0 = Debug|Any CPU
		{ED345081-4D84-46C4-A8A7-D113D060BAFD}.Release|Any CPU.ActiveCfg = Release|Any CPU
		{ED345081-4D84-46C4-A8A7-D113D060BAFD}.Release|Any CPU.Build.0 = Release|Any CPU
		{97B2DA30-150D-4858-BA25-5889A582BFF1}.Debug|Any CPU.ActiveCfg = Debug|Any CPU
		{97B2DA30-150D-4858-BA25-5889A582BFF1}.Debug|Any CPU.Build.0 = Debug|Any CPU
		{97B2DA30-150D-4858-BA25-5889A582BFF1}.Release|Any CPU.ActiveCfg = Release|Any CPU
		{97B2DA30-150D-4858-BA25-5889A582BFF1}.Release|Any CPU.Build.0 = Release|Any CPU
		{CD00BFC2-64CA-4558-B57A-82D7880F9311}.Debug|Any CPU.ActiveCfg = Debug|Any CPU
		{CD00BFC2-64CA-4558-B57A-82D7880F9311}.Debug|Any CPU.Build.0 = Debug|Any CPU
		{CD00BFC2-64CA-4558-B57A-82D7880F9311}.Release|Any CPU.ActiveCfg = Release|Any CPU
		{CD00BFC2-64CA-4558-B57A-82D7880F9311}.Release|Any CPU.Build.0 = Release|Any CPU
		{2CB02113-FD21-479F-B0D2-CE893537EE8E}.Debug|Any CPU.ActiveCfg = Debug|Any CPU
		{2CB02113-FD21-479F-B0D2-CE893537EE8E}.Debug|Any CPU.Build.0 = Debug|Any CPU
		{2CB02113-FD21-479F-B0D2-CE893537EE8E}.Release|Any CPU.ActiveCfg = Release|Any CPU
		{2CB02113-FD21-479F-B0D2-CE893537EE8E}.Release|Any CPU.Build.0 = Release|Any CPU
		{72BECFF6-499E-4345-989F-417F2CB07937}.Debug|Any CPU.ActiveCfg = Debug|Any CPU
		{72BECFF6-499E-4345-989F-417F2CB07937}.Debug|Any CPU.Build.0 = Debug|Any CPU
		{72BECFF6-499E-4345-989F-417F2CB07937}.Release|Any CPU.ActiveCfg = Release|Any CPU
		{72BECFF6-499E-4345-989F-417F2CB07937}.Release|Any CPU.Build.0 = Release|Any CPU
		{1CCB02A1-0213-4046-8982-0055B20EF713}.Debug|Any CPU.ActiveCfg = Debug|Any CPU
		{1CCB02A1-0213-4046-8982-0055B20EF713}.Debug|Any CPU.Build.0 = Debug|Any CPU
		{1CCB02A1-0213-4046-8982-0055B20EF713}.Release|Any CPU.ActiveCfg = Release|Any CPU
		{1CCB02A1-0213-4046-8982-0055B20EF713}.Release|Any CPU.Build.0 = Release|Any CPU
		{FD8FC799-A8B3-42A0-889E-B42713205D6B}.Debug|Any CPU.ActiveCfg = Debug|Any CPU
		{FD8FC799-A8B3-42A0-889E-B42713205D6B}.Debug|Any CPU.Build.0 = Debug|Any CPU
		{FD8FC799-A8B3-42A0-889E-B42713205D6B}.Release|Any CPU.ActiveCfg = Release|Any CPU
		{FD8FC799-A8B3-42A0-889E-B42713205D6B}.Release|Any CPU.Build.0 = Release|Any CPU
		{54E3C88B-F722-452A-8A51-CAA32D072797}.Debug|Any CPU.ActiveCfg = Debug|Any CPU
		{54E3C88B-F722-452A-8A51-CAA32D072797}.Debug|Any CPU.Build.0 = Debug|Any CPU
		{54E3C88B-F722-452A-8A51-CAA32D072797}.Release|Any CPU.ActiveCfg = Release|Any CPU
		{54E3C88B-F722-452A-8A51-CAA32D072797}.Release|Any CPU.Build.0 = Release|Any CPU
		{CEB19CE5-8065-4CB0-82DF-74537961A6F6}.Debug|Any CPU.ActiveCfg = Debug|Any CPU
		{CEB19CE5-8065-4CB0-82DF-74537961A6F6}.Debug|Any CPU.Build.0 = Debug|Any CPU
		{CEB19CE5-8065-4CB0-82DF-74537961A6F6}.Release|Any CPU.ActiveCfg = Release|Any CPU
		{CEB19CE5-8065-4CB0-82DF-74537961A6F6}.Release|Any CPU.Build.0 = Release|Any CPU
		{4EBD9114-242F-4548-962B-03D8CCEB905F}.Debug|Any CPU.ActiveCfg = Debug|Any CPU
		{4EBD9114-242F-4548-962B-03D8CCEB905F}.Debug|Any CPU.Build.0 = Debug|Any CPU
		{4EBD9114-242F-4548-962B-03D8CCEB905F}.Release|Any CPU.ActiveCfg = Release|Any CPU
		{4EBD9114-242F-4548-962B-03D8CCEB905F}.Release|Any CPU.Build.0 = Release|Any CPU
		{278FA9E4-BC2D-4BFA-99C5-464213115DC6}.Debug|Any CPU.ActiveCfg = Debug|Any CPU
		{278FA9E4-BC2D-4BFA-99C5-464213115DC6}.Debug|Any CPU.Build.0 = Debug|Any CPU
		{278FA9E4-BC2D-4BFA-99C5-464213115DC6}.Release|Any CPU.ActiveCfg = Release|Any CPU
		{278FA9E4-BC2D-4BFA-99C5-464213115DC6}.Release|Any CPU.Build.0 = Release|Any CPU
		{F206075F-1C5F-4FC9-9E95-AA7DBF69AB43}.Debug|Any CPU.ActiveCfg = Debug|Any CPU
		{F206075F-1C5F-4FC9-9E95-AA7DBF69AB43}.Debug|Any CPU.Build.0 = Debug|Any CPU
		{F206075F-1C5F-4FC9-9E95-AA7DBF69AB43}.Release|Any CPU.ActiveCfg = Release|Any CPU
		{F206075F-1C5F-4FC9-9E95-AA7DBF69AB43}.Release|Any CPU.Build.0 = Release|Any CPU
		{F8A4ED60-C197-403C-A5C8-069DE3383936}.Debug|Any CPU.ActiveCfg = Debug|Any CPU
		{F8A4ED60-C197-403C-A5C8-069DE3383936}.Debug|Any CPU.Build.0 = Debug|Any CPU
		{F8A4ED60-C197-403C-A5C8-069DE3383936}.Release|Any CPU.ActiveCfg = Release|Any CPU
		{F8A4ED60-C197-403C-A5C8-069DE3383936}.Release|Any CPU.Build.0 = Release|Any CPU
		{E1614D92-02AD-4A3F-BA06-0FF6A08AF16C}.Debug|Any CPU.ActiveCfg = Debug|Any CPU
		{E1614D92-02AD-4A3F-BA06-0FF6A08AF16C}.Debug|Any CPU.Build.0 = Debug|Any CPU
		{E1614D92-02AD-4A3F-BA06-0FF6A08AF16C}.Release|Any CPU.ActiveCfg = Release|Any CPU
		{E1614D92-02AD-4A3F-BA06-0FF6A08AF16C}.Release|Any CPU.Build.0 = Release|Any CPU
		{87FCF275-84BE-4EEF-9150-1B3C46869C2F}.Debug|Any CPU.ActiveCfg = Debug|Any CPU
		{87FCF275-84BE-4EEF-9150-1B3C46869C2F}.Debug|Any CPU.Build.0 = Debug|Any CPU
		{87FCF275-84BE-4EEF-9150-1B3C46869C2F}.Release|Any CPU.ActiveCfg = Release|Any CPU
		{87FCF275-84BE-4EEF-9150-1B3C46869C2F}.Release|Any CPU.Build.0 = Release|Any CPU
		{E6F60867-0AD9-43F9-B3C2-5EEBE1BA3546}.Debug|Any CPU.ActiveCfg = Debug|Any CPU
		{E6F60867-0AD9-43F9-B3C2-5EEBE1BA3546}.Debug|Any CPU.Build.0 = Debug|Any CPU
		{E6F60867-0AD9-43F9-B3C2-5EEBE1BA3546}.Release|Any CPU.ActiveCfg = Release|Any CPU
		{E6F60867-0AD9-43F9-B3C2-5EEBE1BA3546}.Release|Any CPU.Build.0 = Release|Any CPU
		{F43EFE8B-206C-495A-9921-9689E6690A91}.Debug|Any CPU.ActiveCfg = Debug|Any CPU
		{F43EFE8B-206C-495A-9921-9689E6690A91}.Debug|Any CPU.Build.0 = Debug|Any CPU
		{F43EFE8B-206C-495A-9921-9689E6690A91}.Release|Any CPU.ActiveCfg = Release|Any CPU
		{F43EFE8B-206C-495A-9921-9689E6690A91}.Release|Any CPU.Build.0 = Release|Any CPU
		{0458D0F5-EF19-40E3-AF4D-C6EAB8993AE9}.Debug|Any CPU.ActiveCfg = Debug|Any CPU
		{0458D0F5-EF19-40E3-AF4D-C6EAB8993AE9}.Debug|Any CPU.Build.0 = Debug|Any CPU
		{0458D0F5-EF19-40E3-AF4D-C6EAB8993AE9}.Release|Any CPU.ActiveCfg = Release|Any CPU
		{0458D0F5-EF19-40E3-AF4D-C6EAB8993AE9}.Release|Any CPU.Build.0 = Release|Any CPU
		{51E54D29-6E72-408B-8ED7-056DD049524C}.Debug|Any CPU.ActiveCfg = Debug|Any CPU
		{51E54D29-6E72-408B-8ED7-056DD049524C}.Debug|Any CPU.Build.0 = Debug|Any CPU
		{51E54D29-6E72-408B-8ED7-056DD049524C}.Release|Any CPU.ActiveCfg = Release|Any CPU
		{51E54D29-6E72-408B-8ED7-056DD049524C}.Release|Any CPU.Build.0 = Release|Any CPU
		{B8E6DB41-185C-421F-93D0-BE8B73B94BB7}.Debug|Any CPU.ActiveCfg = Debug|Any CPU
		{B8E6DB41-185C-421F-93D0-BE8B73B94BB7}.Debug|Any CPU.Build.0 = Debug|Any CPU
		{B8E6DB41-185C-421F-93D0-BE8B73B94BB7}.Release|Any CPU.ActiveCfg = Release|Any CPU
		{B8E6DB41-185C-421F-93D0-BE8B73B94BB7}.Release|Any CPU.Build.0 = Release|Any CPU
		{178B3868-E176-44B8-BCEE-736C18B92E1F}.Debug|Any CPU.ActiveCfg = Debug|Any CPU
		{178B3868-E176-44B8-BCEE-736C18B92E1F}.Debug|Any CPU.Build.0 = Debug|Any CPU
		{178B3868-E176-44B8-BCEE-736C18B92E1F}.Release|Any CPU.ActiveCfg = Release|Any CPU
		{178B3868-E176-44B8-BCEE-736C18B92E1F}.Release|Any CPU.Build.0 = Release|Any CPU
		{C6E994EB-40FD-409D-A7BB-DDF0135A2135}.Debug|Any CPU.ActiveCfg = Debug|Any CPU
		{C6E994EB-40FD-409D-A7BB-DDF0135A2135}.Debug|Any CPU.Build.0 = Debug|Any CPU
		{C6E994EB-40FD-409D-A7BB-DDF0135A2135}.Release|Any CPU.ActiveCfg = Release|Any CPU
		{C6E994EB-40FD-409D-A7BB-DDF0135A2135}.Release|Any CPU.Build.0 = Release|Any CPU
		{DA86FEA6-3A94-42FA-8B1B-33ED71096C66}.Debug|Any CPU.ActiveCfg = Debug|Any CPU
		{DA86FEA6-3A94-42FA-8B1B-33ED71096C66}.Debug|Any CPU.Build.0 = Debug|Any CPU
		{DA86FEA6-3A94-42FA-8B1B-33ED71096C66}.Release|Any CPU.ActiveCfg = Release|Any CPU
		{DA86FEA6-3A94-42FA-8B1B-33ED71096C66}.Release|Any CPU.Build.0 = Release|Any CPU
		{A965126B-F61D-4DAC-9D46-11CDD683E2AA}.Debug|Any CPU.ActiveCfg = Debug|Any CPU
		{A965126B-F61D-4DAC-9D46-11CDD683E2AA}.Debug|Any CPU.Build.0 = Debug|Any CPU
		{A965126B-F61D-4DAC-9D46-11CDD683E2AA}.Release|Any CPU.ActiveCfg = Release|Any CPU
		{A965126B-F61D-4DAC-9D46-11CDD683E2AA}.Release|Any CPU.Build.0 = Release|Any CPU
		{F907CDA3-4BE3-4C6A-B6B2-303A3E6C27F3}.Debug|Any CPU.ActiveCfg = Debug|Any CPU
		{F907CDA3-4BE3-4C6A-B6B2-303A3E6C27F3}.Debug|Any CPU.Build.0 = Debug|Any CPU
		{F907CDA3-4BE3-4C6A-B6B2-303A3E6C27F3}.Release|Any CPU.ActiveCfg = Release|Any CPU
		{F907CDA3-4BE3-4C6A-B6B2-303A3E6C27F3}.Release|Any CPU.Build.0 = Release|Any CPU
		{65DBC718-59CB-46F0-B866-738542070909}.Debug|Any CPU.ActiveCfg = Debug|Any CPU
		{65DBC718-59CB-46F0-B866-738542070909}.Debug|Any CPU.Build.0 = Debug|Any CPU
		{65DBC718-59CB-46F0-B866-738542070909}.Release|Any CPU.ActiveCfg = Release|Any CPU
		{65DBC718-59CB-46F0-B866-738542070909}.Release|Any CPU.Build.0 = Release|Any CPU
		{AB82D848-D48E-4216-AA0D-A9012F0072A2}.Debug|Any CPU.ActiveCfg = Debug|Any CPU
		{AB82D848-D48E-4216-AA0D-A9012F0072A2}.Debug|Any CPU.Build.0 = Debug|Any CPU
		{AB82D848-D48E-4216-AA0D-A9012F0072A2}.Release|Any CPU.ActiveCfg = Release|Any CPU
		{AB82D848-D48E-4216-AA0D-A9012F0072A2}.Release|Any CPU.Build.0 = Release|Any CPU
		{EB881564-F87A-45E0-8C2E-0C20F1E07302}.Debug|Any CPU.ActiveCfg = Debug|Any CPU
		{EB881564-F87A-45E0-8C2E-0C20F1E07302}.Debug|Any CPU.Build.0 = Debug|Any CPU
		{EB881564-F87A-45E0-8C2E-0C20F1E07302}.Release|Any CPU.ActiveCfg = Release|Any CPU
		{EB881564-F87A-45E0-8C2E-0C20F1E07302}.Release|Any CPU.Build.0 = Release|Any CPU
		{E97AF425-6701-4515-8861-0A33FEB8CB1E}.Debug|Any CPU.ActiveCfg = Debug|Any CPU
		{E97AF425-6701-4515-8861-0A33FEB8CB1E}.Debug|Any CPU.Build.0 = Debug|Any CPU
		{E97AF425-6701-4515-8861-0A33FEB8CB1E}.Release|Any CPU.ActiveCfg = Release|Any CPU
		{E97AF425-6701-4515-8861-0A33FEB8CB1E}.Release|Any CPU.Build.0 = Release|Any CPU
		{7E193636-8A1D-4D6A-8DF0-1D7C7547E509}.Debug|Any CPU.ActiveCfg = Debug|Any CPU
		{7E193636-8A1D-4D6A-8DF0-1D7C7547E509}.Debug|Any CPU.Build.0 = Debug|Any CPU
		{7E193636-8A1D-4D6A-8DF0-1D7C7547E509}.Release|Any CPU.ActiveCfg = Release|Any CPU
		{7E193636-8A1D-4D6A-8DF0-1D7C7547E509}.Release|Any CPU.Build.0 = Release|Any CPU
		{072E1225-7DA9-4B78-B9EC-6B9B9600CA11}.Debug|Any CPU.ActiveCfg = Debug|Any CPU
		{072E1225-7DA9-4B78-B9EC-6B9B9600CA11}.Debug|Any CPU.Build.0 = Debug|Any CPU
		{072E1225-7DA9-4B78-B9EC-6B9B9600CA11}.Release|Any CPU.ActiveCfg = Release|Any CPU
		{072E1225-7DA9-4B78-B9EC-6B9B9600CA11}.Release|Any CPU.Build.0 = Release|Any CPU
		{FB942E71-45C0-4640-AE1A-8957FB0F24B1}.Debug|Any CPU.ActiveCfg = Debug|Any CPU
		{FB942E71-45C0-4640-AE1A-8957FB0F24B1}.Debug|Any CPU.Build.0 = Debug|Any CPU
		{FB942E71-45C0-4640-AE1A-8957FB0F24B1}.Release|Any CPU.ActiveCfg = Release|Any CPU
		{FB942E71-45C0-4640-AE1A-8957FB0F24B1}.Release|Any CPU.Build.0 = Release|Any CPU
		{475AA149-2790-4CA9-B45E-F94001E94B95}.Debug|Any CPU.ActiveCfg = Debug|Any CPU
		{475AA149-2790-4CA9-B45E-F94001E94B95}.Debug|Any CPU.Build.0 = Debug|Any CPU
		{475AA149-2790-4CA9-B45E-F94001E94B95}.Release|Any CPU.ActiveCfg = Release|Any CPU
		{475AA149-2790-4CA9-B45E-F94001E94B95}.Release|Any CPU.Build.0 = Release|Any CPU
		{AD68B703-C799-4D39-BEAE-8D98A0771E23}.Debug|Any CPU.ActiveCfg = Debug|Any CPU
		{AD68B703-C799-4D39-BEAE-8D98A0771E23}.Debug|Any CPU.Build.0 = Debug|Any CPU
		{AD68B703-C799-4D39-BEAE-8D98A0771E23}.Release|Any CPU.ActiveCfg = Release|Any CPU
		{AD68B703-C799-4D39-BEAE-8D98A0771E23}.Release|Any CPU.Build.0 = Release|Any CPU
		{A0DB0DC7-77DD-4034-BD3E-C9E1C9CD7ACB}.Debug|Any CPU.ActiveCfg = Debug|Any CPU
		{A0DB0DC7-77DD-4034-BD3E-C9E1C9CD7ACB}.Debug|Any CPU.Build.0 = Debug|Any CPU
		{A0DB0DC7-77DD-4034-BD3E-C9E1C9CD7ACB}.Release|Any CPU.ActiveCfg = Release|Any CPU
		{A0DB0DC7-77DD-4034-BD3E-C9E1C9CD7ACB}.Release|Any CPU.Build.0 = Release|Any CPU
		{EE9C4C2A-5886-44CF-A021-A96EB5DC88C5}.Debug|Any CPU.ActiveCfg = Debug|Any CPU
		{EE9C4C2A-5886-44CF-A021-A96EB5DC88C5}.Debug|Any CPU.Build.0 = Debug|Any CPU
		{EE9C4C2A-5886-44CF-A021-A96EB5DC88C5}.Release|Any CPU.ActiveCfg = Release|Any CPU
		{EE9C4C2A-5886-44CF-A021-A96EB5DC88C5}.Release|Any CPU.Build.0 = Release|Any CPU
	EndGlobalSection
EndGlobal
