
Microsoft Visual Studio Solution File, Format Version 12.00
Project("{FAE04EC0-301F-11D3-BF4B-00C04F79EFBC}") = "TwoSum", "TwoSum\TwoSum.csproj", "{83675734-FD3F-4B04-9188-56700633241C}"
EndProject
Project("{FAE04EC0-301F-11D3-BF4B-00C04F79EFBC}") = "PathSum", "PathSum\PathSum.csproj", "{C48DB9C5-BEF5-4826-8A99-666F48EEB11E}"
EndProject
Project("{FAE04EC0-301F-11D3-BF4B-00C04F79EFBC}") = "CountWordsWIthGivenPrefix", "CountWordsWIthGivenPrefix\CountWordsWIthGivenPrefix.csproj", "{8804D668-45DA-49C5-9FEC-76C701E214B3}"
EndProject
Project("{FAE04EC0-301F-11D3-BF4B-00C04F79EFBC}") = "FindTheHighestAltitude", "FindTheHighestAltitude\FindTheHighestAltitude.csproj", "{7F8CA674-5CC8-4656-86EC-C349F7ABFF3D}"
EndProject
Project("{FAE04EC0-301F-11D3-BF4B-00C04F79EFBC}") = "ContainsDuplicate", "ContainsDuplicate\ContainsDuplicate.csproj", "{F0DF47AB-451A-4A80-93B5-52B4104F4BD0}"
EndProject
Project("{FAE04EC0-301F-11D3-BF4B-00C04F79EFBC}") = "DestinationCIty", "DestinationCIty\DestinationCIty.csproj", "{72153579-209C-42E1-AE34-8C95302AAF7C}"
EndProject
Project("{FAE04EC0-301F-11D3-BF4B-00C04F79EFBC}") = "SortColors", "SortColors\SortColors.csproj", "{469015DD-6233-4262-8432-150A36D6B3A4}"
EndProject
Project("{FAE04EC0-301F-11D3-BF4B-00C04F79EFBC}") = "PathSumII", "PathSumII\PathSumII.csproj", "{DFB4515B-C6D6-45E7-9837-461F00C2AA7E}"
EndProject
Project("{FAE04EC0-301F-11D3-BF4B-00C04F79EFBC}") = "SqrtX", "SqrtX\SqrtX.csproj", "{6F62CA7A-3802-4026-A02D-B9F1697F3CB7}"
EndProject
Project("{FAE04EC0-301F-11D3-BF4B-00C04F79EFBC}") = "ClimbingStairs", "ClimbingStairs\ClimbingStairs.csproj", "{D3C46312-E3AB-478E-B7A6-68A37A9F0B2F}"
EndProject
Project("{FAE04EC0-301F-11D3-BF4B-00C04F79EFBC}") = "RemoveDuplicatesFromSortedArray", "RemoveDuplicatesFromSortedArray\RemoveDuplicatesFromSortedArray.csproj", "{99E4DD0D-6F15-4E14-808A-718A17B26E41}"
EndProject
Project("{FAE04EC0-301F-11D3-BF4B-00C04F79EFBC}") = "RunningSumOf1dArray", "RunningSumOf1dArray\RunningSumOf1dArray.csproj", "{A1EB902B-CA5E-4197-A3EB-C2F4EA7178F2}"
EndProject
Project("{FAE04EC0-301F-11D3-BF4B-00C04F79EFBC}") = "PlusOne", "PlusOne\PlusOne.csproj", "{EB0D6F80-6B1D-4984-93C8-C96DF228CE96}"
EndProject
Project("{FAE04EC0-301F-11D3-BF4B-00C04F79EFBC}") = "AverageSalaryExcludingTheMinimumAndMaximumSalary", "AverageSalaryExcludingTheMinimumAndMaximumSalary\AverageSalaryExcludingTheMinimumAndMaximumSalary.csproj", "{6D00EA93-88E6-4C94-97B6-B729AA0737B3}"
EndProject
Project("{FAE04EC0-301F-11D3-BF4B-00C04F79EFBC}") = "MaximumValueOfAStringInArray", "MaximumValueOfAStringInArray\MaximumValueOfAStringInArray.csproj", "{CF255A77-7A42-45B1-A643-1037063977DB}"
EndProject
Project("{FAE04EC0-301F-11D3-BF4B-00C04F79EFBC}") = "MinimumCutsToDivideACircle", "MinimumCutsToDivideACircle\MinimumCutsToDivideACircle.csproj", "{5A409EDF-DF16-4FBD-9136-51F331E441A8}"
EndProject
Project("{FAE04EC0-301F-11D3-BF4B-00C04F79EFBC}") = "LargestPerimeterTriangle", "LargestPerimeterTriangle\LargestPerimeterTriangle.csproj", "{5CBE1E0E-18F2-41B8-8F10-B76D6DE70106}"
EndProject
Project("{FAE04EC0-301F-11D3-BF4B-00C04F79EFBC}") = "NumberOf1Bits", "NumberOf1Bits\NumberOf1Bits.csproj", "{9EEF6A37-78D4-422A-AE18-80BB4C76ADBA}"
EndProject
Project("{FAE04EC0-301F-11D3-BF4B-00C04F79EFBC}") = "Maximum69Number", "Maximum69Number\Maximum69Number.csproj", "{2F213333-5348-458D-98DC-7BD7DD1D6BF0}"
EndProject
Project("{FAE04EC0-301F-11D3-BF4B-00C04F79EFBC}") = "MoveZeroes", "MoveZeroes\MoveZeroes.csproj", "{94E980D7-5F74-4BED-9281-F87DE05B501A}"
EndProject
Project("{FAE04EC0-301F-11D3-BF4B-00C04F79EFBC}") = "SubstractTheProductAndSumOfDigitsOfAnInteger", "SubstractTheProductAndSumOfDigitsOfAnInteger\SubstractTheProductAndSumOfDigitsOfAnInteger.csproj", "{06198D7C-8C3A-4662-8E56-D20DC9E38D92}"
EndProject
Project("{FAE04EC0-301F-11D3-BF4B-00C04F79EFBC}") = "ImplementQueueUsingStack", "ImplementQueueUsingStack\ImplementQueueUsingStack.csproj", "{05C134FD-8C38-4916-9977-B4618769F74E}"
EndProject
Project("{FAE04EC0-301F-11D3-BF4B-00C04F79EFBC}") = "ImplementMagicDictionary", "ImplementMagicDictionary\ImplementMagicDictionary.csproj", "{CDFAE1CD-7B69-4F3E-8895-A7688085814E}"
EndProject
Project("{FAE04EC0-301F-11D3-BF4B-00C04F79EFBC}") = "EvaluateReversePolishNotation", "EvaluateReversePolishNotation\EvaluateReversePolishNotation.csproj", "{BF99D9D5-8CA8-4FF0-8481-B1970B9C1402}"
EndProject
Project("{FAE04EC0-301F-11D3-BF4B-00C04F79EFBC}") = "FindThenEarestPointThatHasTheSameXorYCoordinate", "FindThenEarestPointThatHasTheSameXorYCoordinate\FindThenEarestPointThatHasTheSameXorYCoordinate.csproj", "{8EFCC170-B3C2-40A4-9351-4FF3FFE7D602}"
EndProject
Project("{FAE04EC0-301F-11D3-BF4B-00C04F79EFBC}") = "DailyTemperatures", "DailyTemperatures\DailyTemperatures.csproj", "{84E84F3C-D9DF-4A4C-87EC-E75818EEDF61}"
EndProject
Project("{FAE04EC0-301F-11D3-BF4B-00C04F79EFBC}") = "CheckIfOneStringSwapCanMakeStringsEqual", "CheckIfOneStringSwapCanMakeStringsEqual\CheckIfOneStringSwapCanMakeStringsEqual.csproj", "{530A396E-8C33-4151-BA4D-3F10AEBAC3E1}"
EndProject
Project("{FAE04EC0-301F-11D3-BF4B-00C04F79EFBC}") = "CanMakeArithmeticProgression", "CanMakeArithmeticProgression\CanMakeArithmeticProgression.csproj", "{129BCCFF-DB41-48E6-9981-22EEAC30F558}"
EndProject
Project("{FAE04EC0-301F-11D3-BF4B-00C04F79EFBC}") = "SignOfTheProductOfAnArray", "SignOfTheProductOfAnArray\SignOfTheProductOfAnArray.csproj", "{C309C87E-4492-4772-ACC9-6EF0E944BDA5}"
EndProject
Project("{FAE04EC0-301F-11D3-BF4B-00C04F79EFBC}") = "HappyNumber", "HappyNumber\HappyNumber.csproj", "{23B1BD5E-E28A-4A00-BF77-AC747D235482}"
EndProject
Project("{FAE04EC0-301F-11D3-BF4B-00C04F79EFBC}") = "FindIfPathExistInGraph", "FindIfPathExistInGraph\FindIfPathExistInGraph.csproj", "{2A346FA9-E20D-4074-B901-5566521540BA}"
EndProject
Project("{FAE04EC0-301F-11D3-BF4B-00C04F79EFBC}") = "NextGreaterElement", "NextGreaterElement\NextGreaterElement.csproj", "{57F28220-7DE3-4237-B8BE-19832FED54DC}"
EndProject
Project("{FAE04EC0-301F-11D3-BF4B-00C04F79EFBC}") = "CheckIfItIsAStraightLine", "CheckIfItIsAStraightLine\CheckIfItIsAStraightLine.csproj", "{0305BDEA-2905-4BF3-ABE9-C51F10A51E63}"
EndProject
Project("{FAE04EC0-301F-11D3-BF4B-00C04F79EFBC}") = "N-aryTreePreorderTraversal", "N-aryTreePreorderTraversal\N-aryTreePreorderTraversal.csproj", "{5F2B7CF0-23DB-446C-BB6B-C96C0F019432}"
EndProject
Project("{FAE04EC0-301F-11D3-BF4B-00C04F79EFBC}") = "MaximumSubarray", "MaximumSubarray\MaximumSubarray.csproj", "{AC42952E-1A5D-4BC3-9C47-4F38DB09193E}"
EndProject
Project("{FAE04EC0-301F-11D3-BF4B-00C04F79EFBC}") = "MergeSortedArray", "MergeSortedArray\MergeSortedArray.csproj", "{C467D31F-8349-49B4-822C-9C51BDB8A166}"
EndProject
Project("{FAE04EC0-301F-11D3-BF4B-00C04F79EFBC}") = "IsIsomorphic", "IsIsomorphic\IsIsomorphic.csproj", "{70693E29-84C0-4857-A22B-30E144631338}"
EndProject
Project("{FAE04EC0-301F-11D3-BF4B-00C04F79EFBC}") = "DecryptStringFromAlphabetToIntegerMapping", "DecryptStringFromAlphabetToIntegerMapping\DecryptStringFromAlphabetToIntegerMapping.csproj", "{9C174DC5-ECD9-442E-835B-6750E07EE0E5}"
EndProject
Project("{FAE04EC0-301F-11D3-BF4B-00C04F79EFBC}") = "CellsInARangeOnAnExcelSheet", "CellsInARangeOnAnExcelSheet\CellsInARangeOnAnExcelSheet.csproj", "{BCD3FAA5-AE18-4E1D-9C79-63D8983834FF}"
EndProject
Project("{FAE04EC0-301F-11D3-BF4B-00C04F79EFBC}") = "RansomNote", "RansomNote\RansomNote.csproj", "{83820B1E-45B3-49DE-8403-EA81CAD8409A}"
EndProject
Project("{FAE04EC0-301F-11D3-BF4B-00C04F79EFBC}") = "ValidAnagram", "ValidAnagram\ValidAnagram.csproj", "{A050F68E-C7CC-4EDC-803D-E3299B6427B7}"
EndProject
Project("{FAE04EC0-301F-11D3-BF4B-00C04F79EFBC}") = "FirstUniqueCharacterInAString", "FirstUniqueCharacterInAString\FirstUniqueCharacterInAString.csproj", "{E8E03CFF-5914-448F-876A-353065BE541C}"
EndProject
Global
	GlobalSection(SolutionConfigurationPlatforms) = preSolution
		Debug|Any CPU = Debug|Any CPU
		Release|Any CPU = Release|Any CPU
	EndGlobalSection
	GlobalSection(ProjectConfigurationPlatforms) = postSolution
		{83675734-FD3F-4B04-9188-56700633241C}.Debug|Any CPU.ActiveCfg = Debug|Any CPU
		{83675734-FD3F-4B04-9188-56700633241C}.Debug|Any CPU.Build.0 = Debug|Any CPU
		{83675734-FD3F-4B04-9188-56700633241C}.Release|Any CPU.ActiveCfg = Release|Any CPU
		{83675734-FD3F-4B04-9188-56700633241C}.Release|Any CPU.Build.0 = Release|Any CPU
		{C48DB9C5-BEF5-4826-8A99-666F48EEB11E}.Debug|Any CPU.ActiveCfg = Debug|Any CPU
		{C48DB9C5-BEF5-4826-8A99-666F48EEB11E}.Debug|Any CPU.Build.0 = Debug|Any CPU
		{C48DB9C5-BEF5-4826-8A99-666F48EEB11E}.Release|Any CPU.ActiveCfg = Release|Any CPU
		{C48DB9C5-BEF5-4826-8A99-666F48EEB11E}.Release|Any CPU.Build.0 = Release|Any CPU
		{8804D668-45DA-49C5-9FEC-76C701E214B3}.Debug|Any CPU.ActiveCfg = Debug|Any CPU
		{8804D668-45DA-49C5-9FEC-76C701E214B3}.Debug|Any CPU.Build.0 = Debug|Any CPU
		{8804D668-45DA-49C5-9FEC-76C701E214B3}.Release|Any CPU.ActiveCfg = Release|Any CPU
		{8804D668-45DA-49C5-9FEC-76C701E214B3}.Release|Any CPU.Build.0 = Release|Any CPU
		{7F8CA674-5CC8-4656-86EC-C349F7ABFF3D}.Debug|Any CPU.ActiveCfg = Debug|Any CPU
		{7F8CA674-5CC8-4656-86EC-C349F7ABFF3D}.Debug|Any CPU.Build.0 = Debug|Any CPU
		{7F8CA674-5CC8-4656-86EC-C349F7ABFF3D}.Release|Any CPU.ActiveCfg = Release|Any CPU
		{7F8CA674-5CC8-4656-86EC-C349F7ABFF3D}.Release|Any CPU.Build.0 = Release|Any CPU
		{F0DF47AB-451A-4A80-93B5-52B4104F4BD0}.Debug|Any CPU.ActiveCfg = Debug|Any CPU
		{F0DF47AB-451A-4A80-93B5-52B4104F4BD0}.Debug|Any CPU.Build.0 = Debug|Any CPU
		{F0DF47AB-451A-4A80-93B5-52B4104F4BD0}.Release|Any CPU.ActiveCfg = Release|Any CPU
		{F0DF47AB-451A-4A80-93B5-52B4104F4BD0}.Release|Any CPU.Build.0 = Release|Any CPU
		{72153579-209C-42E1-AE34-8C95302AAF7C}.Debug|Any CPU.ActiveCfg = Debug|Any CPU
		{72153579-209C-42E1-AE34-8C95302AAF7C}.Debug|Any CPU.Build.0 = Debug|Any CPU
		{72153579-209C-42E1-AE34-8C95302AAF7C}.Release|Any CPU.ActiveCfg = Release|Any CPU
		{72153579-209C-42E1-AE34-8C95302AAF7C}.Release|Any CPU.Build.0 = Release|Any CPU
		{469015DD-6233-4262-8432-150A36D6B3A4}.Debug|Any CPU.ActiveCfg = Debug|Any CPU
		{469015DD-6233-4262-8432-150A36D6B3A4}.Debug|Any CPU.Build.0 = Debug|Any CPU
		{469015DD-6233-4262-8432-150A36D6B3A4}.Release|Any CPU.ActiveCfg = Release|Any CPU
		{469015DD-6233-4262-8432-150A36D6B3A4}.Release|Any CPU.Build.0 = Release|Any CPU
		{DFB4515B-C6D6-45E7-9837-461F00C2AA7E}.Debug|Any CPU.ActiveCfg = Debug|Any CPU
		{DFB4515B-C6D6-45E7-9837-461F00C2AA7E}.Debug|Any CPU.Build.0 = Debug|Any CPU
		{DFB4515B-C6D6-45E7-9837-461F00C2AA7E}.Release|Any CPU.ActiveCfg = Release|Any CPU
		{DFB4515B-C6D6-45E7-9837-461F00C2AA7E}.Release|Any CPU.Build.0 = Release|Any CPU
		{6F62CA7A-3802-4026-A02D-B9F1697F3CB7}.Debug|Any CPU.ActiveCfg = Debug|Any CPU
		{6F62CA7A-3802-4026-A02D-B9F1697F3CB7}.Debug|Any CPU.Build.0 = Debug|Any CPU
		{6F62CA7A-3802-4026-A02D-B9F1697F3CB7}.Release|Any CPU.ActiveCfg = Release|Any CPU
		{6F62CA7A-3802-4026-A02D-B9F1697F3CB7}.Release|Any CPU.Build.0 = Release|Any CPU
		{D3C46312-E3AB-478E-B7A6-68A37A9F0B2F}.Debug|Any CPU.ActiveCfg = Debug|Any CPU
		{D3C46312-E3AB-478E-B7A6-68A37A9F0B2F}.Debug|Any CPU.Build.0 = Debug|Any CPU
		{D3C46312-E3AB-478E-B7A6-68A37A9F0B2F}.Release|Any CPU.ActiveCfg = Release|Any CPU
		{D3C46312-E3AB-478E-B7A6-68A37A9F0B2F}.Release|Any CPU.Build.0 = Release|Any CPU
		{99E4DD0D-6F15-4E14-808A-718A17B26E41}.Debug|Any CPU.ActiveCfg = Debug|Any CPU
		{99E4DD0D-6F15-4E14-808A-718A17B26E41}.Debug|Any CPU.Build.0 = Debug|Any CPU
		{99E4DD0D-6F15-4E14-808A-718A17B26E41}.Release|Any CPU.ActiveCfg = Release|Any CPU
		{99E4DD0D-6F15-4E14-808A-718A17B26E41}.Release|Any CPU.Build.0 = Release|Any CPU
		{A1EB902B-CA5E-4197-A3EB-C2F4EA7178F2}.Debug|Any CPU.ActiveCfg = Debug|Any CPU
		{A1EB902B-CA5E-4197-A3EB-C2F4EA7178F2}.Debug|Any CPU.Build.0 = Debug|Any CPU
		{A1EB902B-CA5E-4197-A3EB-C2F4EA7178F2}.Release|Any CPU.ActiveCfg = Release|Any CPU
		{A1EB902B-CA5E-4197-A3EB-C2F4EA7178F2}.Release|Any CPU.Build.0 = Release|Any CPU
		{EB0D6F80-6B1D-4984-93C8-C96DF228CE96}.Debug|Any CPU.ActiveCfg = Debug|Any CPU
		{EB0D6F80-6B1D-4984-93C8-C96DF228CE96}.Debug|Any CPU.Build.0 = Debug|Any CPU
		{EB0D6F80-6B1D-4984-93C8-C96DF228CE96}.Release|Any CPU.ActiveCfg = Release|Any CPU
		{EB0D6F80-6B1D-4984-93C8-C96DF228CE96}.Release|Any CPU.Build.0 = Release|Any CPU
		{6D00EA93-88E6-4C94-97B6-B729AA0737B3}.Debug|Any CPU.ActiveCfg = Debug|Any CPU
		{6D00EA93-88E6-4C94-97B6-B729AA0737B3}.Debug|Any CPU.Build.0 = Debug|Any CPU
		{6D00EA93-88E6-4C94-97B6-B729AA0737B3}.Release|Any CPU.ActiveCfg = Release|Any CPU
		{6D00EA93-88E6-4C94-97B6-B729AA0737B3}.Release|Any CPU.Build.0 = Release|Any CPU
		{CF255A77-7A42-45B1-A643-1037063977DB}.Debug|Any CPU.ActiveCfg = Debug|Any CPU
		{CF255A77-7A42-45B1-A643-1037063977DB}.Debug|Any CPU.Build.0 = Debug|Any CPU
		{CF255A77-7A42-45B1-A643-1037063977DB}.Release|Any CPU.ActiveCfg = Release|Any CPU
		{CF255A77-7A42-45B1-A643-1037063977DB}.Release|Any CPU.Build.0 = Release|Any CPU
		{5A409EDF-DF16-4FBD-9136-51F331E441A8}.Debug|Any CPU.ActiveCfg = Debug|Any CPU
		{5A409EDF-DF16-4FBD-9136-51F331E441A8}.Debug|Any CPU.Build.0 = Debug|Any CPU
		{5A409EDF-DF16-4FBD-9136-51F331E441A8}.Release|Any CPU.ActiveCfg = Release|Any CPU
		{5A409EDF-DF16-4FBD-9136-51F331E441A8}.Release|Any CPU.Build.0 = Release|Any CPU
		{5CBE1E0E-18F2-41B8-8F10-B76D6DE70106}.Debug|Any CPU.ActiveCfg = Debug|Any CPU
		{5CBE1E0E-18F2-41B8-8F10-B76D6DE70106}.Debug|Any CPU.Build.0 = Debug|Any CPU
		{5CBE1E0E-18F2-41B8-8F10-B76D6DE70106}.Release|Any CPU.ActiveCfg = Release|Any CPU
		{5CBE1E0E-18F2-41B8-8F10-B76D6DE70106}.Release|Any CPU.Build.0 = Release|Any CPU
		{9EEF6A37-78D4-422A-AE18-80BB4C76ADBA}.Debug|Any CPU.ActiveCfg = Debug|Any CPU
		{9EEF6A37-78D4-422A-AE18-80BB4C76ADBA}.Debug|Any CPU.Build.0 = Debug|Any CPU
		{9EEF6A37-78D4-422A-AE18-80BB4C76ADBA}.Release|Any CPU.ActiveCfg = Release|Any CPU
		{9EEF6A37-78D4-422A-AE18-80BB4C76ADBA}.Release|Any CPU.Build.0 = Release|Any CPU
		{2F213333-5348-458D-98DC-7BD7DD1D6BF0}.Debug|Any CPU.ActiveCfg = Debug|Any CPU
		{2F213333-5348-458D-98DC-7BD7DD1D6BF0}.Debug|Any CPU.Build.0 = Debug|Any CPU
		{2F213333-5348-458D-98DC-7BD7DD1D6BF0}.Release|Any CPU.ActiveCfg = Release|Any CPU
		{2F213333-5348-458D-98DC-7BD7DD1D6BF0}.Release|Any CPU.Build.0 = Release|Any CPU
		{94E980D7-5F74-4BED-9281-F87DE05B501A}.Debug|Any CPU.ActiveCfg = Debug|Any CPU
		{94E980D7-5F74-4BED-9281-F87DE05B501A}.Debug|Any CPU.Build.0 = Debug|Any CPU
		{94E980D7-5F74-4BED-9281-F87DE05B501A}.Release|Any CPU.ActiveCfg = Release|Any CPU
		{94E980D7-5F74-4BED-9281-F87DE05B501A}.Release|Any CPU.Build.0 = Release|Any CPU
		{06198D7C-8C3A-4662-8E56-D20DC9E38D92}.Debug|Any CPU.ActiveCfg = Debug|Any CPU
		{06198D7C-8C3A-4662-8E56-D20DC9E38D92}.Debug|Any CPU.Build.0 = Debug|Any CPU
		{06198D7C-8C3A-4662-8E56-D20DC9E38D92}.Release|Any CPU.ActiveCfg = Release|Any CPU
		{06198D7C-8C3A-4662-8E56-D20DC9E38D92}.Release|Any CPU.Build.0 = Release|Any CPU
		{05C134FD-8C38-4916-9977-B4618769F74E}.Debug|Any CPU.ActiveCfg = Debug|Any CPU
		{05C134FD-8C38-4916-9977-B4618769F74E}.Debug|Any CPU.Build.0 = Debug|Any CPU
		{05C134FD-8C38-4916-9977-B4618769F74E}.Release|Any CPU.ActiveCfg = Release|Any CPU
		{05C134FD-8C38-4916-9977-B4618769F74E}.Release|Any CPU.Build.0 = Release|Any CPU
		{CDFAE1CD-7B69-4F3E-8895-A7688085814E}.Debug|Any CPU.ActiveCfg = Debug|Any CPU
		{CDFAE1CD-7B69-4F3E-8895-A7688085814E}.Debug|Any CPU.Build.0 = Debug|Any CPU
		{CDFAE1CD-7B69-4F3E-8895-A7688085814E}.Release|Any CPU.ActiveCfg = Release|Any CPU
		{CDFAE1CD-7B69-4F3E-8895-A7688085814E}.Release|Any CPU.Build.0 = Release|Any CPU
		{BF99D9D5-8CA8-4FF0-8481-B1970B9C1402}.Debug|Any CPU.ActiveCfg = Debug|Any CPU
		{BF99D9D5-8CA8-4FF0-8481-B1970B9C1402}.Debug|Any CPU.Build.0 = Debug|Any CPU
		{BF99D9D5-8CA8-4FF0-8481-B1970B9C1402}.Release|Any CPU.ActiveCfg = Release|Any CPU
		{BF99D9D5-8CA8-4FF0-8481-B1970B9C1402}.Release|Any CPU.Build.0 = Release|Any CPU
		{8EFCC170-B3C2-40A4-9351-4FF3FFE7D602}.Debug|Any CPU.ActiveCfg = Debug|Any CPU
		{8EFCC170-B3C2-40A4-9351-4FF3FFE7D602}.Debug|Any CPU.Build.0 = Debug|Any CPU
		{8EFCC170-B3C2-40A4-9351-4FF3FFE7D602}.Release|Any CPU.ActiveCfg = Release|Any CPU
		{8EFCC170-B3C2-40A4-9351-4FF3FFE7D602}.Release|Any CPU.Build.0 = Release|Any CPU
		{84E84F3C-D9DF-4A4C-87EC-E75818EEDF61}.Debug|Any CPU.ActiveCfg = Debug|Any CPU
		{84E84F3C-D9DF-4A4C-87EC-E75818EEDF61}.Debug|Any CPU.Build.0 = Debug|Any CPU
		{84E84F3C-D9DF-4A4C-87EC-E75818EEDF61}.Release|Any CPU.ActiveCfg = Release|Any CPU
		{84E84F3C-D9DF-4A4C-87EC-E75818EEDF61}.Release|Any CPU.Build.0 = Release|Any CPU
		{530A396E-8C33-4151-BA4D-3F10AEBAC3E1}.Debug|Any CPU.ActiveCfg = Debug|Any CPU
		{530A396E-8C33-4151-BA4D-3F10AEBAC3E1}.Debug|Any CPU.Build.0 = Debug|Any CPU
		{530A396E-8C33-4151-BA4D-3F10AEBAC3E1}.Release|Any CPU.ActiveCfg = Release|Any CPU
		{530A396E-8C33-4151-BA4D-3F10AEBAC3E1}.Release|Any CPU.Build.0 = Release|Any CPU
		{129BCCFF-DB41-48E6-9981-22EEAC30F558}.Debug|Any CPU.ActiveCfg = Debug|Any CPU
		{129BCCFF-DB41-48E6-9981-22EEAC30F558}.Debug|Any CPU.Build.0 = Debug|Any CPU
		{129BCCFF-DB41-48E6-9981-22EEAC30F558}.Release|Any CPU.ActiveCfg = Release|Any CPU
		{129BCCFF-DB41-48E6-9981-22EEAC30F558}.Release|Any CPU.Build.0 = Release|Any CPU
		{C309C87E-4492-4772-ACC9-6EF0E944BDA5}.Debug|Any CPU.ActiveCfg = Debug|Any CPU
		{C309C87E-4492-4772-ACC9-6EF0E944BDA5}.Debug|Any CPU.Build.0 = Debug|Any CPU
		{C309C87E-4492-4772-ACC9-6EF0E944BDA5}.Release|Any CPU.ActiveCfg = Release|Any CPU
		{C309C87E-4492-4772-ACC9-6EF0E944BDA5}.Release|Any CPU.Build.0 = Release|Any CPU
		{23B1BD5E-E28A-4A00-BF77-AC747D235482}.Debug|Any CPU.ActiveCfg = Debug|Any CPU
		{23B1BD5E-E28A-4A00-BF77-AC747D235482}.Debug|Any CPU.Build.0 = Debug|Any CPU
		{23B1BD5E-E28A-4A00-BF77-AC747D235482}.Release|Any CPU.ActiveCfg = Release|Any CPU
		{23B1BD5E-E28A-4A00-BF77-AC747D235482}.Release|Any CPU.Build.0 = Release|Any CPU
		{2A346FA9-E20D-4074-B901-5566521540BA}.Debug|Any CPU.ActiveCfg = Debug|Any CPU
		{2A346FA9-E20D-4074-B901-5566521540BA}.Debug|Any CPU.Build.0 = Debug|Any CPU
		{2A346FA9-E20D-4074-B901-5566521540BA}.Release|Any CPU.ActiveCfg = Release|Any CPU
		{2A346FA9-E20D-4074-B901-5566521540BA}.Release|Any CPU.Build.0 = Release|Any CPU
		{57F28220-7DE3-4237-B8BE-19832FED54DC}.Debug|Any CPU.ActiveCfg = Debug|Any CPU
		{57F28220-7DE3-4237-B8BE-19832FED54DC}.Debug|Any CPU.Build.0 = Debug|Any CPU
		{57F28220-7DE3-4237-B8BE-19832FED54DC}.Release|Any CPU.ActiveCfg = Release|Any CPU
		{57F28220-7DE3-4237-B8BE-19832FED54DC}.Release|Any CPU.Build.0 = Release|Any CPU
		{0305BDEA-2905-4BF3-ABE9-C51F10A51E63}.Debug|Any CPU.ActiveCfg = Debug|Any CPU
		{0305BDEA-2905-4BF3-ABE9-C51F10A51E63}.Debug|Any CPU.Build.0 = Debug|Any CPU
		{0305BDEA-2905-4BF3-ABE9-C51F10A51E63}.Release|Any CPU.ActiveCfg = Release|Any CPU
		{0305BDEA-2905-4BF3-ABE9-C51F10A51E63}.Release|Any CPU.Build.0 = Release|Any CPU
		{5F2B7CF0-23DB-446C-BB6B-C96C0F019432}.Debug|Any CPU.ActiveCfg = Debug|Any CPU
		{5F2B7CF0-23DB-446C-BB6B-C96C0F019432}.Debug|Any CPU.Build.0 = Debug|Any CPU
		{5F2B7CF0-23DB-446C-BB6B-C96C0F019432}.Release|Any CPU.ActiveCfg = Release|Any CPU
		{5F2B7CF0-23DB-446C-BB6B-C96C0F019432}.Release|Any CPU.Build.0 = Release|Any CPU
		{AC42952E-1A5D-4BC3-9C47-4F38DB09193E}.Debug|Any CPU.ActiveCfg = Debug|Any CPU
		{AC42952E-1A5D-4BC3-9C47-4F38DB09193E}.Debug|Any CPU.Build.0 = Debug|Any CPU
		{AC42952E-1A5D-4BC3-9C47-4F38DB09193E}.Release|Any CPU.ActiveCfg = Release|Any CPU
		{AC42952E-1A5D-4BC3-9C47-4F38DB09193E}.Release|Any CPU.Build.0 = Release|Any CPU
		{C467D31F-8349-49B4-822C-9C51BDB8A166}.Debug|Any CPU.ActiveCfg = Debug|Any CPU
		{C467D31F-8349-49B4-822C-9C51BDB8A166}.Debug|Any CPU.Build.0 = Debug|Any CPU
		{C467D31F-8349-49B4-822C-9C51BDB8A166}.Release|Any CPU.ActiveCfg = Release|Any CPU
		{C467D31F-8349-49B4-822C-9C51BDB8A166}.Release|Any CPU.Build.0 = Release|Any CPU
		{70693E29-84C0-4857-A22B-30E144631338}.Debug|Any CPU.ActiveCfg = Debug|Any CPU
		{70693E29-84C0-4857-A22B-30E144631338}.Debug|Any CPU.Build.0 = Debug|Any CPU
		{70693E29-84C0-4857-A22B-30E144631338}.Release|Any CPU.ActiveCfg = Release|Any CPU
		{70693E29-84C0-4857-A22B-30E144631338}.Release|Any CPU.Build.0 = Release|Any CPU
		{9C174DC5-ECD9-442E-835B-6750E07EE0E5}.Debug|Any CPU.ActiveCfg = Debug|Any CPU
		{9C174DC5-ECD9-442E-835B-6750E07EE0E5}.Debug|Any CPU.Build.0 = Debug|Any CPU
		{9C174DC5-ECD9-442E-835B-6750E07EE0E5}.Release|Any CPU.ActiveCfg = Release|Any CPU
		{9C174DC5-ECD9-442E-835B-6750E07EE0E5}.Release|Any CPU.Build.0 = Release|Any CPU
		{BCD3FAA5-AE18-4E1D-9C79-63D8983834FF}.Debug|Any CPU.ActiveCfg = Debug|Any CPU
		{BCD3FAA5-AE18-4E1D-9C79-63D8983834FF}.Debug|Any CPU.Build.0 = Debug|Any CPU
		{BCD3FAA5-AE18-4E1D-9C79-63D8983834FF}.Release|Any CPU.ActiveCfg = Release|Any CPU
		{BCD3FAA5-AE18-4E1D-9C79-63D8983834FF}.Release|Any CPU.Build.0 = Release|Any CPU
		{83820B1E-45B3-49DE-8403-EA81CAD8409A}.Debug|Any CPU.ActiveCfg = Debug|Any CPU
		{83820B1E-45B3-49DE-8403-EA81CAD8409A}.Debug|Any CPU.Build.0 = Debug|Any CPU
		{83820B1E-45B3-49DE-8403-EA81CAD8409A}.Release|Any CPU.ActiveCfg = Release|Any CPU
		{83820B1E-45B3-49DE-8403-EA81CAD8409A}.Release|Any CPU.Build.0 = Release|Any CPU
		{A050F68E-C7CC-4EDC-803D-E3299B6427B7}.Debug|Any CPU.ActiveCfg = Debug|Any CPU
		{A050F68E-C7CC-4EDC-803D-E3299B6427B7}.Debug|Any CPU.Build.0 = Debug|Any CPU
		{A050F68E-C7CC-4EDC-803D-E3299B6427B7}.Release|Any CPU.ActiveCfg = Release|Any CPU
		{A050F68E-C7CC-4EDC-803D-E3299B6427B7}.Release|Any CPU.Build.0 = Release|Any CPU
		{E8E03CFF-5914-448F-876A-353065BE541C}.Debug|Any CPU.ActiveCfg = Debug|Any CPU
		{E8E03CFF-5914-448F-876A-353065BE541C}.Debug|Any CPU.Build.0 = Debug|Any CPU
		{E8E03CFF-5914-448F-876A-353065BE541C}.Release|Any CPU.ActiveCfg = Release|Any CPU
		{E8E03CFF-5914-448F-876A-353065BE541C}.Release|Any CPU.Build.0 = Release|Any CPU
	EndGlobalSection
EndGlobal
