
Microsoft Visual Studio Solution File, Format Version 12.00
Project("{FAE04EC0-301F-11D3-BF4B-00C04F79EFBC}") = "TwoSum", "TwoSum\TwoSum.csproj", "{83675734-FD3F-4B04-9188-56700633241C}"
EndProject
Project("{FAE04EC0-301F-11D3-BF4B-00C04F79EFBC}") = "PathSum", "PathSum\PathSum.csproj", "{C48DB9C5-BEF5-4826-8A99-666F48EEB11E}"
EndProject
Project("{FAE04EC0-301F-11D3-BF4B-00C04F79EFBC}") = "CountWordsWIthGivenPrefix", "CountWordsWIthGivenPrefix\CountWordsWIthGivenPrefix.csproj", "{8804D668-45DA-49C5-9FEC-76C701E214B3}"
EndProject
Project("{FAE04EC0-301F-11D3-BF4B-00C04F79EFBC}") = "FindTheHighestAltitude", "FindTheHighestAltitude\FindTheHighestAltitude.csproj", "{7F8CA674-5CC8-4656-86EC-C349F7ABFF3D}"
EndProject
Project("{FAE04EC0-301F-11D3-BF4B-00C04F79EFBC}") = "ContainsDuplicate", "ContainsDuplicate\ContainsDuplicate.csproj", "{F0DF47AB-451A-4A80-93B5-52B4104F4BD0}"
EndProject
Project("{FAE04EC0-301F-11D3-BF4B-00C04F79EFBC}") = "DestinationCIty", "DestinationCIty\DestinationCIty.csproj", "{72153579-209C-42E1-AE34-8C95302AAF7C}"
EndProject
Project("{FAE04EC0-301F-11D3-BF4B-00C04F79EFBC}") = "SortColors", "SortColors\SortColors.csproj", "{469015DD-6233-4262-8432-150A36D6B3A4}"
EndProject
Project("{FAE04EC0-301F-11D3-BF4B-00C04F79EFBC}") = "PathSumII", "PathSumII\PathSumII.csproj", "{DFB4515B-C6D6-45E7-9837-461F00C2AA7E}"
EndProject
Project("{FAE04EC0-301F-11D3-BF4B-00C04F79EFBC}") = "SqrtX", "SqrtX\SqrtX.csproj", "{6F62CA7A-3802-4026-A02D-B9F1697F3CB7}"
EndProject
Project("{FAE04EC0-301F-11D3-BF4B-00C04F79EFBC}") = "ClimbingStairs", "ClimbingStairs\ClimbingStairs.csproj", "{D3C46312-E3AB-478E-B7A6-68A37A9F0B2F}"
EndProject
Project("{FAE04EC0-301F-11D3-BF4B-00C04F79EFBC}") = "RemoveDuplicatesFromSortedArray", "RemoveDuplicatesFromSortedArray\RemoveDuplicatesFromSortedArray.csproj", "{99E4DD0D-6F15-4E14-808A-718A17B26E41}"
EndProject
Project("{FAE04EC0-301F-11D3-BF4B-00C04F79EFBC}") = "RunningSumOf1dArray", "RunningSumOf1dArray\RunningSumOf1dArray.csproj", "{A1EB902B-CA5E-4197-A3EB-C2F4EA7178F2}"
EndProject
Project("{FAE04EC0-301F-11D3-BF4B-00C04F79EFBC}") = "PlusOne", "PlusOne\PlusOne.csproj", "{EB0D6F80-6B1D-4984-93C8-C96DF228CE96}"
EndProject
Global
	GlobalSection(SolutionConfigurationPlatforms) = preSolution
		Debug|Any CPU = Debug|Any CPU
		Release|Any CPU = Release|Any CPU
	EndGlobalSection
	GlobalSection(ProjectConfigurationPlatforms) = postSolution
		{83675734-FD3F-4B04-9188-56700633241C}.Debug|Any CPU.ActiveCfg = Debug|Any CPU
		{83675734-FD3F-4B04-9188-56700633241C}.Debug|Any CPU.Build.0 = Debug|Any CPU
		{83675734-FD3F-4B04-9188-56700633241C}.Release|Any CPU.ActiveCfg = Release|Any CPU
		{83675734-FD3F-4B04-9188-56700633241C}.Release|Any CPU.Build.0 = Release|Any CPU
		{C48DB9C5-BEF5-4826-8A99-666F48EEB11E}.Debug|Any CPU.ActiveCfg = Debug|Any CPU
		{C48DB9C5-BEF5-4826-8A99-666F48EEB11E}.Debug|Any CPU.Build.0 = Debug|Any CPU
		{C48DB9C5-BEF5-4826-8A99-666F48EEB11E}.Release|Any CPU.ActiveCfg = Release|Any CPU
		{C48DB9C5-BEF5-4826-8A99-666F48EEB11E}.Release|Any CPU.Build.0 = Release|Any CPU
		{8804D668-45DA-49C5-9FEC-76C701E214B3}.Debug|Any CPU.ActiveCfg = Debug|Any CPU
		{8804D668-45DA-49C5-9FEC-76C701E214B3}.Debug|Any CPU.Build.0 = Debug|Any CPU
		{8804D668-45DA-49C5-9FEC-76C701E214B3}.Release|Any CPU.ActiveCfg = Release|Any CPU
		{8804D668-45DA-49C5-9FEC-76C701E214B3}.Release|Any CPU.Build.0 = Release|Any CPU
		{7F8CA674-5CC8-4656-86EC-C349F7ABFF3D}.Debug|Any CPU.ActiveCfg = Debug|Any CPU
		{7F8CA674-5CC8-4656-86EC-C349F7ABFF3D}.Debug|Any CPU.Build.0 = Debug|Any CPU
		{7F8CA674-5CC8-4656-86EC-C349F7ABFF3D}.Release|Any CPU.ActiveCfg = Release|Any CPU
		{7F8CA674-5CC8-4656-86EC-C349F7ABFF3D}.Release|Any CPU.Build.0 = Release|Any CPU
		{F0DF47AB-451A-4A80-93B5-52B4104F4BD0}.Debug|Any CPU.ActiveCfg = Debug|Any CPU
		{F0DF47AB-451A-4A80-93B5-52B4104F4BD0}.Debug|Any CPU.Build.0 = Debug|Any CPU
		{F0DF47AB-451A-4A80-93B5-52B4104F4BD0}.Release|Any CPU.ActiveCfg = Release|Any CPU
		{F0DF47AB-451A-4A80-93B5-52B4104F4BD0}.Release|Any CPU.Build.0 = Release|Any CPU
		{72153579-209C-42E1-AE34-8C95302AAF7C}.Debug|Any CPU.ActiveCfg = Debug|Any CPU
		{72153579-209C-42E1-AE34-8C95302AAF7C}.Debug|Any CPU.Build.0 = Debug|Any CPU
		{72153579-209C-42E1-AE34-8C95302AAF7C}.Release|Any CPU.ActiveCfg = Release|Any CPU
		{72153579-209C-42E1-AE34-8C95302AAF7C}.Release|Any CPU.Build.0 = Release|Any CPU
		{469015DD-6233-4262-8432-150A36D6B3A4}.Debug|Any CPU.ActiveCfg = Debug|Any CPU
		{469015DD-6233-4262-8432-150A36D6B3A4}.Debug|Any CPU.Build.0 = Debug|Any CPU
		{469015DD-6233-4262-8432-150A36D6B3A4}.Release|Any CPU.ActiveCfg = Release|Any CPU
		{469015DD-6233-4262-8432-150A36D6B3A4}.Release|Any CPU.Build.0 = Release|Any CPU
		{DFB4515B-C6D6-45E7-9837-461F00C2AA7E}.Debug|Any CPU.ActiveCfg = Debug|Any CPU
		{DFB4515B-C6D6-45E7-9837-461F00C2AA7E}.Debug|Any CPU.Build.0 = Debug|Any CPU
		{DFB4515B-C6D6-45E7-9837-461F00C2AA7E}.Release|Any CPU.ActiveCfg = Release|Any CPU
		{DFB4515B-C6D6-45E7-9837-461F00C2AA7E}.Release|Any CPU.Build.0 = Release|Any CPU
		{6F62CA7A-3802-4026-A02D-B9F1697F3CB7}.Debug|Any CPU.ActiveCfg = Debug|Any CPU
		{6F62CA7A-3802-4026-A02D-B9F1697F3CB7}.Debug|Any CPU.Build.0 = Debug|Any CPU
		{6F62CA7A-3802-4026-A02D-B9F1697F3CB7}.Release|Any CPU.ActiveCfg = Release|Any CPU
		{6F62CA7A-3802-4026-A02D-B9F1697F3CB7}.Release|Any CPU.Build.0 = Release|Any CPU
		{D3C46312-E3AB-478E-B7A6-68A37A9F0B2F}.Debug|Any CPU.ActiveCfg = Debug|Any CPU
		{D3C46312-E3AB-478E-B7A6-68A37A9F0B2F}.Debug|Any CPU.Build.0 = Debug|Any CPU
		{D3C46312-E3AB-478E-B7A6-68A37A9F0B2F}.Release|Any CPU.ActiveCfg = Release|Any CPU
		{D3C46312-E3AB-478E-B7A6-68A37A9F0B2F}.Release|Any CPU.Build.0 = Release|Any CPU
		{99E4DD0D-6F15-4E14-808A-718A17B26E41}.Debug|Any CPU.ActiveCfg = Debug|Any CPU
		{99E4DD0D-6F15-4E14-808A-718A17B26E41}.Debug|Any CPU.Build.0 = Debug|Any CPU
		{99E4DD0D-6F15-4E14-808A-718A17B26E41}.Release|Any CPU.ActiveCfg = Release|Any CPU
		{99E4DD0D-6F15-4E14-808A-718A17B26E41}.Release|Any CPU.Build.0 = Release|Any CPU
		{A1EB902B-CA5E-4197-A3EB-C2F4EA7178F2}.Debug|Any CPU.ActiveCfg = Debug|Any CPU
		{A1EB902B-CA5E-4197-A3EB-C2F4EA7178F2}.Debug|Any CPU.Build.0 = Debug|Any CPU
		{A1EB902B-CA5E-4197-A3EB-C2F4EA7178F2}.Release|Any CPU.ActiveCfg = Release|Any CPU
		{A1EB902B-CA5E-4197-A3EB-C2F4EA7178F2}.Release|Any CPU.Build.0 = Release|Any CPU
		{EB0D6F80-6B1D-4984-93C8-C96DF228CE96}.Debug|Any CPU.ActiveCfg = Debug|Any CPU
		{EB0D6F80-6B1D-4984-93C8-C96DF228CE96}.Debug|Any CPU.Build.0 = Debug|Any CPU
		{EB0D6F80-6B1D-4984-93C8-C96DF228CE96}.Release|Any CPU.ActiveCfg = Release|Any CPU
		{EB0D6F80-6B1D-4984-93C8-C96DF228CE96}.Release|Any CPU.Build.0 = Release|Any CPU
	EndGlobalSection
EndGlobal
